// !$*UTF8*$!
{
	archiveVersion = 1;
	classes = {
	};
	objectVersion = 55;
	objects = {

/* Begin PBXBuildFile section */
		14243E10287FB81400CCE8A0 /* MyPageViewController.swift in Sources */ = {isa = PBXBuildFile; fileRef = 14243E0E287FB81400CCE8A0 /* MyPageViewController.swift */; };
		14243E11287FB81400CCE8A0 /* MyPageViewController.xib in Resources */ = {isa = PBXBuildFile; fileRef = 14243E0F287FB81400CCE8A0 /* MyPageViewController.xib */; };
		14243E13287FD0FF00CCE8A0 /* CustomSwitchButton.swift in Sources */ = {isa = PBXBuildFile; fileRef = 14243E12287FD0FF00CCE8A0 /* CustomSwitchButton.swift */; };
		14243E172880782300CCE8A0 /* TimeSettingViewController.swift in Sources */ = {isa = PBXBuildFile; fileRef = 14243E152880782300CCE8A0 /* TimeSettingViewController.swift */; };
		14243E182880782300CCE8A0 /* TimeSettingViewController.xib in Resources */ = {isa = PBXBuildFile; fileRef = 14243E162880782300CCE8A0 /* TimeSettingViewController.xib */; };
		144A1C7C2886DBD000598121 /* TimeSettingDelegate.swift in Sources */ = {isa = PBXBuildFile; fileRef = 144A1C7B2886DBD000598121 /* TimeSettingDelegate.swift */; };
		144A1C7F2886E8C600598121 /* RecordDetailViewController.swift in Sources */ = {isa = PBXBuildFile; fileRef = 144A1C7D2886E8C600598121 /* RecordDetailViewController.swift */; };
		144A1C802886E8C600598121 /* RecordDetailViewController.xib in Resources */ = {isa = PBXBuildFile; fileRef = 144A1C7E2886E8C600598121 /* RecordDetailViewController.xib */; };
		14D0E18628812AEF006EC6D8 /* CustomTimeSettingPickerView.swift in Sources */ = {isa = PBXBuildFile; fileRef = 14D0E18528812AEF006EC6D8 /* CustomTimeSettingPickerView.swift */; };
		2322D07428813D5F00DC5553 /* GenreType.swift in Sources */ = {isa = PBXBuildFile; fileRef = 2322D07328813D5F00DC5553 /* GenreType.swift */; };
		2322D07628814A9000DC5553 /* RecorDreamColorType.swift in Sources */ = {isa = PBXBuildFile; fileRef = 2322D07528814A9000DC5553 /* RecorDreamColorType.swift */; };
		2322D07A288153E900DC5553 /* EmotionType.swift in Sources */ = {isa = PBXBuildFile; fileRef = 2322D079288153E900DC5553 /* EmotionType.swift */; };
		2322D0882883EFA000DC5553 /* RecordHeaderView.swift in Sources */ = {isa = PBXBuildFile; fileRef = 2322D0872883EFA000DC5553 /* RecordHeaderView.swift */; };
		2322D08A2883EFB100DC5553 /* RecordHeaderView.xib in Resources */ = {isa = PBXBuildFile; fileRef = 2322D0892883EFB100DC5553 /* RecordHeaderView.xib */; };
		2322D08E2883F37100DC5553 /* RecordViewController.swift in Sources */ = {isa = PBXBuildFile; fileRef = 2322D08D2883F37100DC5553 /* RecordViewController.swift */; };
		2322D090288458BE00DC5553 /* NavigationBarDelegate.swift in Sources */ = {isa = PBXBuildFile; fileRef = 2322D08F288458BE00DC5553 /* NavigationBarDelegate.swift */; };
		232D0E39287D86C20063D725 /* HeaderView.swift in Sources */ = {isa = PBXBuildFile; fileRef = 232D0E38287D86C20063D725 /* HeaderView.swift */; };
		232D0E3B287D88E60063D725 /* UserNameView.swift in Sources */ = {isa = PBXBuildFile; fileRef = 232D0E3A287D88E60063D725 /* UserNameView.swift */; };
		232D0E3D287D893E0063D725 /* RecorDreamView.swift in Sources */ = {isa = PBXBuildFile; fileRef = 232D0E3C287D893E0063D725 /* RecorDreamView.swift */; };
		232D0E40287D8F480063D725 /* CardCollectionViewCell.swift in Sources */ = {isa = PBXBuildFile; fileRef = 232D0E3F287D8F480063D725 /* CardCollectionViewCell.swift */; };
		232D0E49287DEC380063D725 /* HashtagView.swift in Sources */ = {isa = PBXBuildFile; fileRef = 232D0E48287DEC380063D725 /* HashtagView.swift */; };
		23695C72287C2A3B00B479A2 /* HomeViewController.swift in Sources */ = {isa = PBXBuildFile; fileRef = 23695C71287C2A3B00B479A2 /* HomeViewController.swift */; };
		F613C7B72875617E005CB133 /* AppDelegate.swift in Sources */ = {isa = PBXBuildFile; fileRef = F613C7B62875617E005CB133 /* AppDelegate.swift */; };
		F613C7B92875617E005CB133 /* SceneDelegate.swift in Sources */ = {isa = PBXBuildFile; fileRef = F613C7B82875617E005CB133 /* SceneDelegate.swift */; };
		F613C7C028756181005CB133 /* Assets.xcassets in Resources */ = {isa = PBXBuildFile; fileRef = F613C7BF28756181005CB133 /* Assets.xcassets */; };
		F613C7CF287563E8005CB133 /* Colors.xcassets in Resources */ = {isa = PBXBuildFile; fileRef = F613C7CE287563E8005CB133 /* Colors.xcassets */; };
		F613C7D2287563FF005CB133 /* Images.xcassets in Resources */ = {isa = PBXBuildFile; fileRef = F613C7D1287563FF005CB133 /* Images.xcassets */; };
		F613C7D8287564D2005CB133 /* Constant.swift in Sources */ = {isa = PBXBuildFile; fileRef = F613C7D7287564D2005CB133 /* Constant.swift */; };
		F613C7F328756A61005CB133 /* HeeKit in Frameworks */ = {isa = PBXBuildFile; productRef = F613C7F228756A61005CB133 /* HeeKit */; };
		F613C7F628756A98005CB133 /* IQKeyboardManagerSwift in Frameworks */ = {isa = PBXBuildFile; productRef = F613C7F528756A98005CB133 /* IQKeyboardManagerSwift */; };
		F613C7F928756AA8005CB133 /* SnapKit-Dynamic in Frameworks */ = {isa = PBXBuildFile; productRef = F613C7F828756AA8005CB133 /* SnapKit-Dynamic */; };
		F613C7FC28756AB7005CB133 /* Then in Frameworks */ = {isa = PBXBuildFile; productRef = F613C7FB28756AB7005CB133 /* Then */; };
		F613C7FF2876D336005CB133 /* BaseViewController.swift in Sources */ = {isa = PBXBuildFile; fileRef = F613C7FE2876D336005CB133 /* BaseViewController.swift */; };
		F613C8012876D356005CB133 /* BaseView.swift in Sources */ = {isa = PBXBuildFile; fileRef = F613C8002876D356005CB133 /* BaseView.swift */; };
		F62CDF2C288304F400E5B19C /* TabBarController.swift in Sources */ = {isa = PBXBuildFile; fileRef = F62CDF2B288304F400E5B19C /* TabBarController.swift */; };
		F62CDF32288307C800E5B19C /* TabBarItem.swift in Sources */ = {isa = PBXBuildFile; fileRef = F62CDF31288307C800E5B19C /* TabBarItem.swift */; };
		F62CDF3528830B9100E5B19C /* SampleViewController.swift in Sources */ = {isa = PBXBuildFile; fileRef = F62CDF3328830B9100E5B19C /* SampleViewController.swift */; };
		F62CDF3628830B9100E5B19C /* SampleViewController.xib in Resources */ = {isa = PBXBuildFile; fileRef = F62CDF3428830B9100E5B19C /* SampleViewController.xib */; };
		F6D3944D287D4164004A7DBB /* ShareViewController.swift in Sources */ = {isa = PBXBuildFile; fileRef = F6D3944C287D4164004A7DBB /* ShareViewController.swift */; };
		F6D39457287D41BF004A7DBB /* Pretendard-Bold.otf in Resources */ = {isa = PBXBuildFile; fileRef = F6D3944E287D41BE004A7DBB /* Pretendard-Bold.otf */; };
		F6D39458287D41BF004A7DBB /* Pretendard-Bold.otf in Resources */ = {isa = PBXBuildFile; fileRef = F6D3944E287D41BE004A7DBB /* Pretendard-Bold.otf */; };
		F6D39459287D41BF004A7DBB /* Pretendard-Light.otf in Resources */ = {isa = PBXBuildFile; fileRef = F6D3944F287D41BE004A7DBB /* Pretendard-Light.otf */; };
		F6D3945A287D41BF004A7DBB /* Pretendard-Light.otf in Resources */ = {isa = PBXBuildFile; fileRef = F6D3944F287D41BE004A7DBB /* Pretendard-Light.otf */; };
		F6D3945B287D41BF004A7DBB /* Pretendard-Thin.otf in Resources */ = {isa = PBXBuildFile; fileRef = F6D39450287D41BE004A7DBB /* Pretendard-Thin.otf */; };
		F6D3945C287D41BF004A7DBB /* Pretendard-Thin.otf in Resources */ = {isa = PBXBuildFile; fileRef = F6D39450287D41BE004A7DBB /* Pretendard-Thin.otf */; };
		F6D3945D287D41BF004A7DBB /* Pretendard-Black.otf in Resources */ = {isa = PBXBuildFile; fileRef = F6D39451287D41BE004A7DBB /* Pretendard-Black.otf */; };
		F6D3945E287D41BF004A7DBB /* Pretendard-Black.otf in Resources */ = {isa = PBXBuildFile; fileRef = F6D39451287D41BE004A7DBB /* Pretendard-Black.otf */; };
		F6D3945F287D41BF004A7DBB /* Pretendard-Regular.otf in Resources */ = {isa = PBXBuildFile; fileRef = F6D39452287D41BE004A7DBB /* Pretendard-Regular.otf */; };
		F6D39460287D41BF004A7DBB /* Pretendard-Regular.otf in Resources */ = {isa = PBXBuildFile; fileRef = F6D39452287D41BE004A7DBB /* Pretendard-Regular.otf */; };
		F6D39461287D41BF004A7DBB /* Pretendard-ExtraBold.otf in Resources */ = {isa = PBXBuildFile; fileRef = F6D39453287D41BE004A7DBB /* Pretendard-ExtraBold.otf */; };
		F6D39462287D41BF004A7DBB /* Pretendard-ExtraBold.otf in Resources */ = {isa = PBXBuildFile; fileRef = F6D39453287D41BE004A7DBB /* Pretendard-ExtraBold.otf */; };
		F6D39463287D41BF004A7DBB /* Pretendard-Medium.otf in Resources */ = {isa = PBXBuildFile; fileRef = F6D39454287D41BE004A7DBB /* Pretendard-Medium.otf */; };
		F6D39464287D41BF004A7DBB /* Pretendard-Medium.otf in Resources */ = {isa = PBXBuildFile; fileRef = F6D39454287D41BE004A7DBB /* Pretendard-Medium.otf */; };
		F6D39465287D41BF004A7DBB /* Pretendard-ExtraLight.otf in Resources */ = {isa = PBXBuildFile; fileRef = F6D39455287D41BE004A7DBB /* Pretendard-ExtraLight.otf */; };
		F6D39466287D41BF004A7DBB /* Pretendard-ExtraLight.otf in Resources */ = {isa = PBXBuildFile; fileRef = F6D39455287D41BE004A7DBB /* Pretendard-ExtraLight.otf */; };
		F6D39467287D41BF004A7DBB /* Pretendard-SemiBold.otf in Resources */ = {isa = PBXBuildFile; fileRef = F6D39456287D41BE004A7DBB /* Pretendard-SemiBold.otf */; };
		F6D39468287D41BF004A7DBB /* Pretendard-SemiBold.otf in Resources */ = {isa = PBXBuildFile; fileRef = F6D39456287D41BE004A7DBB /* Pretendard-SemiBold.otf */; };
		F6D3946A287D4B5E004A7DBB /* FontType.swift in Sources */ = {isa = PBXBuildFile; fileRef = F6D39469287D4B5E004A7DBB /* FontType.swift */; };
		F6D3946B287D4B5E004A7DBB /* FontType.swift in Sources */ = {isa = PBXBuildFile; fileRef = F6D39469287D4B5E004A7DBB /* FontType.swift */; };
		F6D3946D287D68D4004A7DBB /* ColorType.swift in Sources */ = {isa = PBXBuildFile; fileRef = F6D3946C287D68D4004A7DBB /* ColorType.swift */; };
		F6D3946E287D68D4004A7DBB /* ColorType.swift in Sources */ = {isa = PBXBuildFile; fileRef = F6D3946C287D68D4004A7DBB /* ColorType.swift */; };
		F6D39470287D6927004A7DBB /* TypoStyle+.swift in Sources */ = {isa = PBXBuildFile; fileRef = F6D3946F287D6926004A7DBB /* TypoStyle+.swift */; };
		F6D39471287D6927004A7DBB /* TypoStyle+.swift in Sources */ = {isa = PBXBuildFile; fileRef = F6D3946F287D6926004A7DBB /* TypoStyle+.swift */; };
		F6D39473287D69C2004A7DBB /* TypoStyle.swift in Sources */ = {isa = PBXBuildFile; fileRef = F6D39472287D69C2004A7DBB /* TypoStyle.swift */; };
		F6D39474287D69C2004A7DBB /* TypoStyle.swift in Sources */ = {isa = PBXBuildFile; fileRef = F6D39472287D69C2004A7DBB /* TypoStyle.swift */; };
		F6D39477287D6F31004A7DBB /* ColorType+.swift in Sources */ = {isa = PBXBuildFile; fileRef = F6D39476287D6F31004A7DBB /* ColorType+.swift */; };
		F6D39478287D6F31004A7DBB /* ColorType+.swift in Sources */ = {isa = PBXBuildFile; fileRef = F6D39476287D6F31004A7DBB /* ColorType+.swift */; };
		F6D3947C287D7560004A7DBB /* ImageList.swift in Sources */ = {isa = PBXBuildFile; fileRef = F6D3947B287D7560004A7DBB /* ImageList.swift */; };
		F6D3947D287D7560004A7DBB /* ImageList.swift in Sources */ = {isa = PBXBuildFile; fileRef = F6D3947B287D7560004A7DBB /* ImageList.swift */; };
		F6D3947F287D76F2004A7DBB /* ImageList+.swift in Sources */ = {isa = PBXBuildFile; fileRef = F6D3947E287D76F1004A7DBB /* ImageList+.swift */; };
		F6D39480287D76F2004A7DBB /* ImageList+.swift in Sources */ = {isa = PBXBuildFile; fileRef = F6D3947E287D76F1004A7DBB /* ImageList+.swift */; };
		F6F11007287BE5A0003F67CF /* RecorDreamTests.swift in Sources */ = {isa = PBXBuildFile; fileRef = F6F11006287BE5A0003F67CF /* RecorDreamTests.swift */; };
		F6F14A5C28854F730065D291 /* SearchViewController.swift in Sources */ = {isa = PBXBuildFile; fileRef = F6F14A5B28854F730065D291 /* SearchViewController.swift */; };
		F6F14A5E28854F980065D291 /* SearchView.swift in Sources */ = {isa = PBXBuildFile; fileRef = F6F14A5D28854F980065D291 /* SearchView.swift */; };
		F6F14A62288584810065D291 /* SearchHeaderTableViewCell.swift in Sources */ = {isa = PBXBuildFile; fileRef = F6F14A61288584810065D291 /* SearchHeaderTableViewCell.swift */; };
		F6F14A64288584930065D291 /* SearchFooterTableViewCell.swift in Sources */ = {isa = PBXBuildFile; fileRef = F6F14A63288584930065D291 /* SearchFooterTableViewCell.swift */; };
		F6F14A67288584E70065D291 /* SearchResultTableViewCell.swift in Sources */ = {isa = PBXBuildFile; fileRef = F6F14A65288584E70065D291 /* SearchResultTableViewCell.swift */; };
		F6F14A68288584E70065D291 /* SearchResultTableViewCell.xib in Resources */ = {isa = PBXBuildFile; fileRef = F6F14A66288584E70065D291 /* SearchResultTableViewCell.xib */; };
		F6F14A6A2885857F0065D291 /* EmptyView.swift in Sources */ = {isa = PBXBuildFile; fileRef = F6F14A692885857F0065D291 /* EmptyView.swift */; };
		F6F14A6E28867B340065D291 /* SearchViewModel.swift in Sources */ = {isa = PBXBuildFile; fileRef = F6F14A6D28867B340065D291 /* SearchViewModel.swift */; };
		F6F14A712886A17F0065D291 /* SearchResultExist.swift in Sources */ = {isa = PBXBuildFile; fileRef = F6F14A702886A17F0065D291 /* SearchResultExist.swift */; };
		F6F14A732886A18F0065D291 /* SearchResultNone.swift in Sources */ = {isa = PBXBuildFile; fileRef = F6F14A722886A18E0065D291 /* SearchResultNone.swift */; };
		F6F14A762886CA950065D291 /* MockParser.swift in Sources */ = {isa = PBXBuildFile; fileRef = F6F14A752886CA950065D291 /* MockParser.swift */; };
		F6F14A782886CAEF0065D291 /* dummySearchResultNone.json in Resources */ = {isa = PBXBuildFile; fileRef = F6F14A772886CAEF0065D291 /* dummySearchResultNone.json */; };
		F6F14A7C2886CC210065D291 /* dummySearchResultExist.json in Resources */ = {isa = PBXBuildFile; fileRef = F6F14A7B2886CC210065D291 /* dummySearchResultExist.json */; };
		F6F14A7E2886CC570065D291 /* SearchResultDummyModel.swift in Sources */ = {isa = PBXBuildFile; fileRef = F6F14A7D2886CC570065D291 /* SearchResultDummyModel.swift */; };
/* End PBXBuildFile section */

/* Begin PBXFileReference section */
		14243E0E287FB81400CCE8A0 /* MyPageViewController.swift */ = {isa = PBXFileReference; lastKnownFileType = sourcecode.swift; path = MyPageViewController.swift; sourceTree = "<group>"; };
		14243E0F287FB81400CCE8A0 /* MyPageViewController.xib */ = {isa = PBXFileReference; lastKnownFileType = file.xib; path = MyPageViewController.xib; sourceTree = "<group>"; };
		14243E12287FD0FF00CCE8A0 /* CustomSwitchButton.swift */ = {isa = PBXFileReference; lastKnownFileType = sourcecode.swift; path = CustomSwitchButton.swift; sourceTree = "<group>"; };
		14243E152880782300CCE8A0 /* TimeSettingViewController.swift */ = {isa = PBXFileReference; lastKnownFileType = sourcecode.swift; path = TimeSettingViewController.swift; sourceTree = "<group>"; };
		14243E162880782300CCE8A0 /* TimeSettingViewController.xib */ = {isa = PBXFileReference; lastKnownFileType = file.xib; path = TimeSettingViewController.xib; sourceTree = "<group>"; };
		144A1C7B2886DBD000598121 /* TimeSettingDelegate.swift */ = {isa = PBXFileReference; lastKnownFileType = sourcecode.swift; path = TimeSettingDelegate.swift; sourceTree = "<group>"; };
		144A1C7D2886E8C600598121 /* RecordDetailViewController.swift */ = {isa = PBXFileReference; lastKnownFileType = sourcecode.swift; path = RecordDetailViewController.swift; sourceTree = "<group>"; };
		144A1C7E2886E8C600598121 /* RecordDetailViewController.xib */ = {isa = PBXFileReference; lastKnownFileType = file.xib; path = RecordDetailViewController.xib; sourceTree = "<group>"; };
		14D0E18528812AEF006EC6D8 /* CustomTimeSettingPickerView.swift */ = {isa = PBXFileReference; lastKnownFileType = sourcecode.swift; path = CustomTimeSettingPickerView.swift; sourceTree = "<group>"; };
		2322D07328813D5F00DC5553 /* GenreType.swift */ = {isa = PBXFileReference; lastKnownFileType = sourcecode.swift; path = GenreType.swift; sourceTree = "<group>"; };
		2322D07528814A9000DC5553 /* RecorDreamColorType.swift */ = {isa = PBXFileReference; lastKnownFileType = sourcecode.swift; path = RecorDreamColorType.swift; sourceTree = "<group>"; };
		2322D079288153E900DC5553 /* EmotionType.swift */ = {isa = PBXFileReference; lastKnownFileType = sourcecode.swift; path = EmotionType.swift; sourceTree = "<group>"; };
		2322D0872883EFA000DC5553 /* RecordHeaderView.swift */ = {isa = PBXFileReference; lastKnownFileType = sourcecode.swift; path = RecordHeaderView.swift; sourceTree = "<group>"; };
		2322D0892883EFB100DC5553 /* RecordHeaderView.xib */ = {isa = PBXFileReference; lastKnownFileType = file.xib; path = RecordHeaderView.xib; sourceTree = "<group>"; };
		2322D08D2883F37100DC5553 /* RecordViewController.swift */ = {isa = PBXFileReference; lastKnownFileType = sourcecode.swift; path = RecordViewController.swift; sourceTree = "<group>"; };
		2322D08F288458BE00DC5553 /* NavigationBarDelegate.swift */ = {isa = PBXFileReference; lastKnownFileType = sourcecode.swift; path = NavigationBarDelegate.swift; sourceTree = "<group>"; };
		232D0E38287D86C20063D725 /* HeaderView.swift */ = {isa = PBXFileReference; lastKnownFileType = sourcecode.swift; path = HeaderView.swift; sourceTree = "<group>"; };
		232D0E3A287D88E60063D725 /* UserNameView.swift */ = {isa = PBXFileReference; lastKnownFileType = sourcecode.swift; path = UserNameView.swift; sourceTree = "<group>"; };
		232D0E3C287D893E0063D725 /* RecorDreamView.swift */ = {isa = PBXFileReference; lastKnownFileType = sourcecode.swift; path = RecorDreamView.swift; sourceTree = "<group>"; };
		232D0E3F287D8F480063D725 /* CardCollectionViewCell.swift */ = {isa = PBXFileReference; lastKnownFileType = sourcecode.swift; path = CardCollectionViewCell.swift; sourceTree = "<group>"; };
		232D0E48287DEC380063D725 /* HashtagView.swift */ = {isa = PBXFileReference; lastKnownFileType = sourcecode.swift; path = HashtagView.swift; sourceTree = "<group>"; };
		23695C71287C2A3B00B479A2 /* HomeViewController.swift */ = {isa = PBXFileReference; lastKnownFileType = sourcecode.swift; path = HomeViewController.swift; sourceTree = "<group>"; };
		F613C7B32875617E005CB133 /* RecorDream-iOS.app */ = {isa = PBXFileReference; explicitFileType = wrapper.application; includeInIndex = 0; path = "RecorDream-iOS.app"; sourceTree = BUILT_PRODUCTS_DIR; };
		F613C7B62875617E005CB133 /* AppDelegate.swift */ = {isa = PBXFileReference; lastKnownFileType = sourcecode.swift; path = AppDelegate.swift; sourceTree = "<group>"; };
		F613C7B82875617E005CB133 /* SceneDelegate.swift */ = {isa = PBXFileReference; lastKnownFileType = sourcecode.swift; path = SceneDelegate.swift; sourceTree = "<group>"; };
		F613C7BF28756181005CB133 /* Assets.xcassets */ = {isa = PBXFileReference; lastKnownFileType = folder.assetcatalog; path = Assets.xcassets; sourceTree = "<group>"; };
		F613C7C428756181005CB133 /* Info.plist */ = {isa = PBXFileReference; lastKnownFileType = text.plist.xml; path = Info.plist; sourceTree = "<group>"; };
		F613C7CE287563E8005CB133 /* Colors.xcassets */ = {isa = PBXFileReference; lastKnownFileType = folder.assetcatalog; path = Colors.xcassets; sourceTree = "<group>"; };
		F613C7D1287563FF005CB133 /* Images.xcassets */ = {isa = PBXFileReference; lastKnownFileType = folder.assetcatalog; path = Images.xcassets; sourceTree = "<group>"; };
		F613C7D7287564D2005CB133 /* Constant.swift */ = {isa = PBXFileReference; lastKnownFileType = sourcecode.swift; path = Constant.swift; sourceTree = "<group>"; };
		F613C7FE2876D336005CB133 /* BaseViewController.swift */ = {isa = PBXFileReference; lastKnownFileType = sourcecode.swift; path = BaseViewController.swift; sourceTree = "<group>"; };
		F613C8002876D356005CB133 /* BaseView.swift */ = {isa = PBXFileReference; lastKnownFileType = sourcecode.swift; path = BaseView.swift; sourceTree = "<group>"; };
		F62CDF2B288304F400E5B19C /* TabBarController.swift */ = {isa = PBXFileReference; lastKnownFileType = sourcecode.swift; path = TabBarController.swift; sourceTree = "<group>"; };
		F62CDF31288307C800E5B19C /* TabBarItem.swift */ = {isa = PBXFileReference; lastKnownFileType = sourcecode.swift; path = TabBarItem.swift; sourceTree = "<group>"; };
		F62CDF3328830B9100E5B19C /* SampleViewController.swift */ = {isa = PBXFileReference; lastKnownFileType = sourcecode.swift; path = SampleViewController.swift; sourceTree = "<group>"; };
		F62CDF3428830B9100E5B19C /* SampleViewController.xib */ = {isa = PBXFileReference; lastKnownFileType = file.xib; path = SampleViewController.xib; sourceTree = "<group>"; };
		F6D3944C287D4164004A7DBB /* ShareViewController.swift */ = {isa = PBXFileReference; lastKnownFileType = sourcecode.swift; path = ShareViewController.swift; sourceTree = "<group>"; };
		F6D3944E287D41BE004A7DBB /* Pretendard-Bold.otf */ = {isa = PBXFileReference; lastKnownFileType = file; path = "Pretendard-Bold.otf"; sourceTree = "<group>"; };
		F6D3944F287D41BE004A7DBB /* Pretendard-Light.otf */ = {isa = PBXFileReference; lastKnownFileType = file; path = "Pretendard-Light.otf"; sourceTree = "<group>"; };
		F6D39450287D41BE004A7DBB /* Pretendard-Thin.otf */ = {isa = PBXFileReference; lastKnownFileType = file; path = "Pretendard-Thin.otf"; sourceTree = "<group>"; };
		F6D39451287D41BE004A7DBB /* Pretendard-Black.otf */ = {isa = PBXFileReference; lastKnownFileType = file; path = "Pretendard-Black.otf"; sourceTree = "<group>"; };
		F6D39452287D41BE004A7DBB /* Pretendard-Regular.otf */ = {isa = PBXFileReference; lastKnownFileType = file; path = "Pretendard-Regular.otf"; sourceTree = "<group>"; };
		F6D39453287D41BE004A7DBB /* Pretendard-ExtraBold.otf */ = {isa = PBXFileReference; lastKnownFileType = file; path = "Pretendard-ExtraBold.otf"; sourceTree = "<group>"; };
		F6D39454287D41BE004A7DBB /* Pretendard-Medium.otf */ = {isa = PBXFileReference; lastKnownFileType = file; path = "Pretendard-Medium.otf"; sourceTree = "<group>"; };
		F6D39455287D41BE004A7DBB /* Pretendard-ExtraLight.otf */ = {isa = PBXFileReference; lastKnownFileType = file; path = "Pretendard-ExtraLight.otf"; sourceTree = "<group>"; };
		F6D39456287D41BE004A7DBB /* Pretendard-SemiBold.otf */ = {isa = PBXFileReference; lastKnownFileType = file; path = "Pretendard-SemiBold.otf"; sourceTree = "<group>"; };
		F6D39469287D4B5E004A7DBB /* FontType.swift */ = {isa = PBXFileReference; lastKnownFileType = sourcecode.swift; path = FontType.swift; sourceTree = "<group>"; };
		F6D3946C287D68D4004A7DBB /* ColorType.swift */ = {isa = PBXFileReference; lastKnownFileType = sourcecode.swift; path = ColorType.swift; sourceTree = "<group>"; };
		F6D3946F287D6926004A7DBB /* TypoStyle+.swift */ = {isa = PBXFileReference; lastKnownFileType = sourcecode.swift; path = "TypoStyle+.swift"; sourceTree = "<group>"; };
		F6D39472287D69C2004A7DBB /* TypoStyle.swift */ = {isa = PBXFileReference; lastKnownFileType = sourcecode.swift; path = TypoStyle.swift; sourceTree = "<group>"; };
		F6D39476287D6F31004A7DBB /* ColorType+.swift */ = {isa = PBXFileReference; lastKnownFileType = sourcecode.swift; path = "ColorType+.swift"; sourceTree = "<group>"; };
		F6D3947B287D7560004A7DBB /* ImageList.swift */ = {isa = PBXFileReference; lastKnownFileType = sourcecode.swift; path = ImageList.swift; sourceTree = "<group>"; };
		F6D3947E287D76F1004A7DBB /* ImageList+.swift */ = {isa = PBXFileReference; lastKnownFileType = sourcecode.swift; path = "ImageList+.swift"; sourceTree = "<group>"; };
		F6F11004287BE5A0003F67CF /* RecorDreamTests.xctest */ = {isa = PBXFileReference; explicitFileType = wrapper.cfbundle; includeInIndex = 0; path = RecorDreamTests.xctest; sourceTree = BUILT_PRODUCTS_DIR; };
		F6F11006287BE5A0003F67CF /* RecorDreamTests.swift */ = {isa = PBXFileReference; lastKnownFileType = sourcecode.swift; path = RecorDreamTests.swift; sourceTree = "<group>"; };
		F6F14A5B28854F730065D291 /* SearchViewController.swift */ = {isa = PBXFileReference; lastKnownFileType = sourcecode.swift; path = SearchViewController.swift; sourceTree = "<group>"; };
		F6F14A5D28854F980065D291 /* SearchView.swift */ = {isa = PBXFileReference; lastKnownFileType = sourcecode.swift; path = SearchView.swift; sourceTree = "<group>"; };
		F6F14A61288584810065D291 /* SearchHeaderTableViewCell.swift */ = {isa = PBXFileReference; lastKnownFileType = sourcecode.swift; path = SearchHeaderTableViewCell.swift; sourceTree = "<group>"; };
		F6F14A63288584930065D291 /* SearchFooterTableViewCell.swift */ = {isa = PBXFileReference; lastKnownFileType = sourcecode.swift; path = SearchFooterTableViewCell.swift; sourceTree = "<group>"; };
		F6F14A65288584E70065D291 /* SearchResultTableViewCell.swift */ = {isa = PBXFileReference; lastKnownFileType = sourcecode.swift; path = SearchResultTableViewCell.swift; sourceTree = "<group>"; };
		F6F14A66288584E70065D291 /* SearchResultTableViewCell.xib */ = {isa = PBXFileReference; lastKnownFileType = file.xib; path = SearchResultTableViewCell.xib; sourceTree = "<group>"; };
		F6F14A692885857F0065D291 /* EmptyView.swift */ = {isa = PBXFileReference; lastKnownFileType = sourcecode.swift; path = EmptyView.swift; sourceTree = "<group>"; };
		F6F14A6D28867B340065D291 /* SearchViewModel.swift */ = {isa = PBXFileReference; lastKnownFileType = sourcecode.swift; path = SearchViewModel.swift; sourceTree = "<group>"; };
		F6F14A702886A17F0065D291 /* SearchResultExist.swift */ = {isa = PBXFileReference; lastKnownFileType = sourcecode.swift; path = SearchResultExist.swift; sourceTree = "<group>"; };
		F6F14A722886A18E0065D291 /* SearchResultNone.swift */ = {isa = PBXFileReference; lastKnownFileType = sourcecode.swift; path = SearchResultNone.swift; sourceTree = "<group>"; };
		F6F14A752886CA950065D291 /* MockParser.swift */ = {isa = PBXFileReference; lastKnownFileType = sourcecode.swift; path = MockParser.swift; sourceTree = "<group>"; };
		F6F14A772886CAEF0065D291 /* dummySearchResultNone.json */ = {isa = PBXFileReference; lastKnownFileType = text.json; path = dummySearchResultNone.json; sourceTree = "<group>"; };
		F6F14A7B2886CC210065D291 /* dummySearchResultExist.json */ = {isa = PBXFileReference; lastKnownFileType = text.json; path = dummySearchResultExist.json; sourceTree = "<group>"; };
		F6F14A7D2886CC570065D291 /* SearchResultDummyModel.swift */ = {isa = PBXFileReference; lastKnownFileType = sourcecode.swift; path = SearchResultDummyModel.swift; sourceTree = "<group>"; };
/* End PBXFileReference section */

/* Begin PBXFrameworksBuildPhase section */
		F613C7B02875617E005CB133 /* Frameworks */ = {
			isa = PBXFrameworksBuildPhase;
			buildActionMask = 2147483647;
			files = (
				F613C7F328756A61005CB133 /* HeeKit in Frameworks */,
				F613C7F628756A98005CB133 /* IQKeyboardManagerSwift in Frameworks */,
				F613C7F928756AA8005CB133 /* SnapKit-Dynamic in Frameworks */,
				F613C7FC28756AB7005CB133 /* Then in Frameworks */,
			);
			runOnlyForDeploymentPostprocessing = 0;
		};
		F6F11001287BE5A0003F67CF /* Frameworks */ = {
			isa = PBXFrameworksBuildPhase;
			buildActionMask = 2147483647;
			files = (
			);
			runOnlyForDeploymentPostprocessing = 0;
		};
/* End PBXFrameworksBuildPhase section */

/* Begin PBXGroup section */
		14243E0C287FB7C000CCE8A0 /* ViewController */ = {
			isa = PBXGroup;
			children = (
				14243E0D287FB7F100CCE8A0 /* View */,
				14243E0E287FB81400CCE8A0 /* MyPageViewController.swift */,
				14243E152880782300CCE8A0 /* TimeSettingViewController.swift */,
				144A1C7D2886E8C600598121 /* RecordDetailViewController.swift */,
			);
			path = ViewController;
			sourceTree = "<group>";
		};
		14243E0D287FB7F100CCE8A0 /* View */ = {
			isa = PBXGroup;
			children = (
				1432143C2883EC6500C27BD7 /* Custom */,
				14243E162880782300CCE8A0 /* TimeSettingViewController.xib */,
				14243E0F287FB81400CCE8A0 /* MyPageViewController.xib */,
				144A1C7E2886E8C600598121 /* RecordDetailViewController.xib */,
			);
			path = View;
			sourceTree = "<group>";
		};
		1432143C2883EC6500C27BD7 /* Custom */ = {
			isa = PBXGroup;
			children = (
				14D0E18528812AEF006EC6D8 /* CustomTimeSettingPickerView.swift */,
				14243E12287FD0FF00CCE8A0 /* CustomSwitchButton.swift */,
			);
			path = Custom;
			sourceTree = "<group>";
		};
		2322D0802883EE7F00DC5553 /* Record */ = {
			isa = PBXGroup;
			children = (
				2322D0812883EED900DC5553 /* ViewControllers */,
			);
			path = Record;
			sourceTree = "<group>";
		};
		2322D0812883EED900DC5553 /* ViewControllers */ = {
			isa = PBXGroup;
			children = (
				2322D0822883EEE200DC5553 /* View */,
				2322D08D2883F37100DC5553 /* RecordViewController.swift */,
			);
			path = ViewControllers;
			sourceTree = "<group>";
		};
		2322D0822883EEE200DC5553 /* View */ = {
			isa = PBXGroup;
			children = (
			);
			path = View;
			sourceTree = "<group>";
		};
		232D0E37287D86850063D725 /* View */ = {
			isa = PBXGroup;
			children = (
				232D0E3E287D8F360063D725 /* Cell */,
				232D0E38287D86C20063D725 /* HeaderView.swift */,
				232D0E3A287D88E60063D725 /* UserNameView.swift */,
				232D0E3C287D893E0063D725 /* RecorDreamView.swift */,
				232D0E48287DEC380063D725 /* HashtagView.swift */,
			);
			path = View;
			sourceTree = "<group>";
		};
		232D0E3E287D8F360063D725 /* Cell */ = {
			isa = PBXGroup;
			children = (
				232D0E3F287D8F480063D725 /* CardCollectionViewCell.swift */,
			);
			path = Cell;
			sourceTree = "<group>";
		};
		23695C6E287C29E500B479A2 /* Home */ = {
			isa = PBXGroup;
			children = (
				23695C70287C2A2000B479A2 /* ViewControllers */,
			);
			path = Home;
			sourceTree = "<group>";
		};
		23695C70287C2A2000B479A2 /* ViewControllers */ = {
			isa = PBXGroup;
			children = (
				232D0E37287D86850063D725 /* View */,
				23695C71287C2A3B00B479A2 /* HomeViewController.swift */,
			);
			path = ViewControllers;
			sourceTree = "<group>";
		};
		F613C7AA2875617E005CB133 = {
			isa = PBXGroup;
			children = (
				F613C7B52875617E005CB133 /* RecorDream-iOS */,
				F6F11005287BE5A0003F67CF /* RecorDreamTests */,
				F613C7B42875617E005CB133 /* Products */,
			);
			sourceTree = "<group>";
		};
		F613C7B42875617E005CB133 /* Products */ = {
			isa = PBXGroup;
			children = (
				F613C7B32875617E005CB133 /* RecorDream-iOS.app */,
				F6F11004287BE5A0003F67CF /* RecorDreamTests.xctest */,
			);
			name = Products;
			sourceTree = "<group>";
		};
		F613C7B52875617E005CB133 /* RecorDream-iOS */ = {
			isa = PBXGroup;
			children = (
				F613C7CA287563A5005CB133 /* Resource */,
				F613C7CB287563A9005CB133 /* Source */,
				F613C7C428756181005CB133 /* Info.plist */,
			);
			path = "RecorDream-iOS";
			sourceTree = "<group>";
		};
		F613C7CA287563A5005CB133 /* Resource */ = {
			isa = PBXGroup;
			children = (
				F613C7CD287563D4005CB133 /* Fonts */,
				F613C7BF28756181005CB133 /* Assets.xcassets */,
				F613C7CE287563E8005CB133 /* Colors.xcassets */,
				F613C7D1287563FF005CB133 /* Images.xcassets */,
			);
			path = Resource;
			sourceTree = "<group>";
		};
		F613C7CB287563A9005CB133 /* Source */ = {
			isa = PBXGroup;
			children = (
				F613C7DA28756519005CB133 /* Service */,
				F613C7D9287564EC005CB133 /* Presentation */,
				F613C7D4287564B5005CB133 /* Common */,
				F613C7D32875649A005CB133 /* Application */,
			);
			path = Source;
			sourceTree = "<group>";
		};
		F613C7CD287563D4005CB133 /* Fonts */ = {
			isa = PBXGroup;
			children = (
				F6D39451287D41BE004A7DBB /* Pretendard-Black.otf */,
				F6D3944E287D41BE004A7DBB /* Pretendard-Bold.otf */,
				F6D39453287D41BE004A7DBB /* Pretendard-ExtraBold.otf */,
				F6D39455287D41BE004A7DBB /* Pretendard-ExtraLight.otf */,
				F6D3944F287D41BE004A7DBB /* Pretendard-Light.otf */,
				F6D39454287D41BE004A7DBB /* Pretendard-Medium.otf */,
				F6D39452287D41BE004A7DBB /* Pretendard-Regular.otf */,
				F6D39456287D41BE004A7DBB /* Pretendard-SemiBold.otf */,
				F6D39450287D41BE004A7DBB /* Pretendard-Thin.otf */,
			);
			path = Fonts;
			sourceTree = "<group>";
		};
		F613C7D32875649A005CB133 /* Application */ = {
			isa = PBXGroup;
			children = (
				F613C7B62875617E005CB133 /* AppDelegate.swift */,
				F613C7B82875617E005CB133 /* SceneDelegate.swift */,
			);
			path = Application;
			sourceTree = "<group>";
		};
		F613C7D4287564B5005CB133 /* Common */ = {
			isa = PBXGroup;
			children = (
				F613C7D6287564C7005CB133 /* Protocols */,
				F613C7D5287564B7005CB133 /* Constants */,
			);
			path = Common;
			sourceTree = "<group>";
		};
		F613C7D5287564B7005CB133 /* Constants */ = {
			isa = PBXGroup;
			children = (
				F6D3947A287D754B004A7DBB /* ImageFactory */,
				F6D39479287D7526004A7DBB /* ColorFactory */,
				F6D39475287D69DE004A7DBB /* FontFactory */,
				F613C7D7287564D2005CB133 /* Constant.swift */,
				2322D07328813D5F00DC5553 /* GenreType.swift */,
				2322D07528814A9000DC5553 /* RecorDreamColorType.swift */,
				2322D079288153E900DC5553 /* EmotionType.swift */,
			);
			path = Constants;
			sourceTree = "<group>";
		};
		F613C7D6287564C7005CB133 /* Protocols */ = {
			isa = PBXGroup;
			children = (
				2322D08F288458BE00DC5553 /* NavigationBarDelegate.swift */,
				144A1C7B2886DBD000598121 /* TimeSettingDelegate.swift */,
			);
			path = Protocols;
			sourceTree = "<group>";
		};
		F613C7D9287564EC005CB133 /* Presentation */ = {
			isa = PBXGroup;
			children = (
				F62CDF29288302C900E5B19C /* Concept */,
				F613C7FD2876D314005CB133 /* Common */,
				F62CDF2A288302D900E5B19C /* TabBar */,
			);
			path = Presentation;
			sourceTree = "<group>";
		};
		F613C7DA28756519005CB133 /* Service */ = {
			isa = PBXGroup;
			children = (
				F613C7DC28756536005CB133 /* Mock */,
				F613C7DB28756527005CB133 /* DTO */,
			);
			path = Service;
			sourceTree = "<group>";
		};
		F613C7DB28756527005CB133 /* DTO */ = {
			isa = PBXGroup;
			children = (
			);
			path = DTO;
			sourceTree = "<group>";
		};
		F613C7DC28756536005CB133 /* Mock */ = {
			isa = PBXGroup;
			children = (
				F6F14A742886CA680065D291 /* Parser */,
				F6F14A772886CAEF0065D291 /* dummySearchResultNone.json */,
				F6F14A7B2886CC210065D291 /* dummySearchResultExist.json */,
				F6F14A7D2886CC570065D291 /* SearchResultDummyModel.swift */,
			);
			path = Mock;
			sourceTree = "<group>";
		};
		F613C7DD28756582005CB133 /* Create */ = {
			isa = PBXGroup;
			children = (
				2322D0802883EE7F00DC5553 /* Record */,
				23695C6E287C29E500B479A2 /* Home */,
			);
			path = Create;
			sourceTree = "<group>";
		};
		F613C7DE28756587005CB133 /* Play */ = {
			isa = PBXGroup;
			children = (
				14243E0C287FB7C000CCE8A0 /* ViewController */,
			);
			path = Play;
			sourceTree = "<group>";
		};
		F613C7FD2876D314005CB133 /* Common */ = {
			isa = PBXGroup;
			children = (
				2322D0872883EFA000DC5553 /* RecordHeaderView.swift */,
				2322D0892883EFB100DC5553 /* RecordHeaderView.xib */,
				F613C7FE2876D336005CB133 /* BaseViewController.swift */,
				F613C8002876D356005CB133 /* BaseView.swift */,
				F62CDF3328830B9100E5B19C /* SampleViewController.swift */,
				F62CDF3428830B9100E5B19C /* SampleViewController.xib */,
			);
			path = Common;
			sourceTree = "<group>";
		};
		F62CDF29288302C900E5B19C /* Concept */ = {
			isa = PBXGroup;
			children = (
				F6D3944B287D4151004A7DBB /* Share */,
				F613C7DD28756582005CB133 /* Create */,
				F613C7DE28756587005CB133 /* Play */,
			);
			path = Concept;
			sourceTree = "<group>";
		};
		F62CDF2A288302D900E5B19C /* TabBar */ = {
			isa = PBXGroup;
			children = (
				F62CDF2B288304F400E5B19C /* TabBarController.swift */,
				F62CDF31288307C800E5B19C /* TabBarItem.swift */,
			);
			path = TabBar;
			sourceTree = "<group>";
		};
		F6D3944B287D4151004A7DBB /* Share */ = {
			isa = PBXGroup;
			children = (
				F6F14A6F288682660065D291 /* Models */,
				F6F14A6C28867AF70065D291 /* ViewModels */,
				F6F14A5A28854F4A0065D291 /* Views */,
				F6D3944C287D4164004A7DBB /* ShareViewController.swift */,
			);
			path = Share;
			sourceTree = "<group>";
		};
		F6D39475287D69DE004A7DBB /* FontFactory */ = {
			isa = PBXGroup;
			children = (
				F6D39469287D4B5E004A7DBB /* FontType.swift */,
				F6D39472287D69C2004A7DBB /* TypoStyle.swift */,
				F6D3946F287D6926004A7DBB /* TypoStyle+.swift */,
			);
			path = FontFactory;
			sourceTree = "<group>";
		};
		F6D39479287D7526004A7DBB /* ColorFactory */ = {
			isa = PBXGroup;
			children = (
				F6D3946C287D68D4004A7DBB /* ColorType.swift */,
				F6D39476287D6F31004A7DBB /* ColorType+.swift */,
			);
			path = ColorFactory;
			sourceTree = "<group>";
		};
		F6D3947A287D754B004A7DBB /* ImageFactory */ = {
			isa = PBXGroup;
			children = (
				F6D3947B287D7560004A7DBB /* ImageList.swift */,
				F6D3947E287D76F1004A7DBB /* ImageList+.swift */,
			);
			path = ImageFactory;
			sourceTree = "<group>";
		};
		F6F11005287BE5A0003F67CF /* RecorDreamTests */ = {
			isa = PBXGroup;
			children = (
				F6F11006287BE5A0003F67CF /* RecorDreamTests.swift */,
			);
			path = RecorDreamTests;
			sourceTree = "<group>";
		};
		F6F14A5A28854F4A0065D291 /* Views */ = {
			isa = PBXGroup;
			children = (
				F6F14A5F28857D970065D291 /* Search */,
			);
			path = Views;
			sourceTree = "<group>";
		};
		F6F14A5F28857D970065D291 /* Search */ = {
			isa = PBXGroup;
			children = (
				F6F14A6028857DB50065D291 /* Cells */,
				F6F14A5B28854F730065D291 /* SearchViewController.swift */,
				F6F14A5D28854F980065D291 /* SearchView.swift */,
				F6F14A692885857F0065D291 /* EmptyView.swift */,
			);
			path = Search;
			sourceTree = "<group>";
		};
		F6F14A6028857DB50065D291 /* Cells */ = {
			isa = PBXGroup;
			children = (
				F6F14A61288584810065D291 /* SearchHeaderTableViewCell.swift */,
				F6F14A63288584930065D291 /* SearchFooterTableViewCell.swift */,
				F6F14A65288584E70065D291 /* SearchResultTableViewCell.swift */,
				F6F14A66288584E70065D291 /* SearchResultTableViewCell.xib */,
			);
			path = Cells;
			sourceTree = "<group>";
		};
		F6F14A6C28867AF70065D291 /* ViewModels */ = {
			isa = PBXGroup;
			children = (
				F6F14A6D28867B340065D291 /* SearchViewModel.swift */,
			);
			path = ViewModels;
			sourceTree = "<group>";
		};
		F6F14A6F288682660065D291 /* Models */ = {
			isa = PBXGroup;
			children = (
				F6F14A702886A17F0065D291 /* SearchResultExist.swift */,
				F6F14A722886A18E0065D291 /* SearchResultNone.swift */,
			);
			path = Models;
			sourceTree = "<group>";
		};
		F6F14A742886CA680065D291 /* Parser */ = {
			isa = PBXGroup;
			children = (
				F6F14A752886CA950065D291 /* MockParser.swift */,
			);
			path = Parser;
			sourceTree = "<group>";
		};
/* End PBXGroup section */

/* Begin PBXNativeTarget section */
		F613C7B22875617E005CB133 /* RecorDream-iOS */ = {
			isa = PBXNativeTarget;
			buildConfigurationList = F613C7C728756181005CB133 /* Build configuration list for PBXNativeTarget "RecorDream-iOS" */;
			buildPhases = (
				F613C7AF2875617E005CB133 /* Sources */,
				F613C7B02875617E005CB133 /* Frameworks */,
				F613C7B12875617E005CB133 /* Resources */,
			);
			buildRules = (
			);
			dependencies = (
			);
			name = "RecorDream-iOS";
			packageProductDependencies = (
				F613C7F228756A61005CB133 /* HeeKit */,
				F613C7F528756A98005CB133 /* IQKeyboardManagerSwift */,
				F613C7F828756AA8005CB133 /* SnapKit-Dynamic */,
				F613C7FB28756AB7005CB133 /* Then */,
			);
			productName = "RecorDream-iOS";
			productReference = F613C7B32875617E005CB133 /* RecorDream-iOS.app */;
			productType = "com.apple.product-type.application";
		};
		F6F11003287BE5A0003F67CF /* RecorDreamTests */ = {
			isa = PBXNativeTarget;
			buildConfigurationList = F6F1100A287BE5A1003F67CF /* Build configuration list for PBXNativeTarget "RecorDreamTests" */;
			buildPhases = (
				F6F11000287BE5A0003F67CF /* Sources */,
				F6F11001287BE5A0003F67CF /* Frameworks */,
				F6F11002287BE5A0003F67CF /* Resources */,
			);
			buildRules = (
			);
			dependencies = (
			);
			name = RecorDreamTests;
			productName = RecorDreamTests;
			productReference = F6F11004287BE5A0003F67CF /* RecorDreamTests.xctest */;
			productType = "com.apple.product-type.bundle.unit-test";
		};
/* End PBXNativeTarget section */

/* Begin PBXProject section */
		F613C7AB2875617E005CB133 /* Project object */ = {
			isa = PBXProject;
			attributes = {
				BuildIndependentTargetsInParallel = 1;
				LastSwiftUpdateCheck = 1340;
				LastUpgradeCheck = 1340;
				TargetAttributes = {
					F613C7B22875617E005CB133 = {
						CreatedOnToolsVersion = 13.4.1;
					};
					F6F11003287BE5A0003F67CF = {
						CreatedOnToolsVersion = 13.4.1;
					};
				};
			};
			buildConfigurationList = F613C7AE2875617E005CB133 /* Build configuration list for PBXProject "RecorDream-iOS" */;
			compatibilityVersion = "Xcode 13.0";
			developmentRegion = en;
			hasScannedForEncodings = 0;
			knownRegions = (
				en,
				Base,
			);
			mainGroup = F613C7AA2875617E005CB133;
			packageReferences = (
				F613C7F128756A61005CB133 /* XCRemoteSwiftPackageReference "HeeKit" */,
				F613C7F428756A98005CB133 /* XCRemoteSwiftPackageReference "IQKeyboardManager" */,
				F613C7F728756AA8005CB133 /* XCRemoteSwiftPackageReference "SnapKit" */,
				F613C7FA28756AB7005CB133 /* XCRemoteSwiftPackageReference "Then" */,
			);
			productRefGroup = F613C7B42875617E005CB133 /* Products */;
			projectDirPath = "";
			projectRoot = "";
			targets = (
				F613C7B22875617E005CB133 /* RecorDream-iOS */,
				F6F11003287BE5A0003F67CF /* RecorDreamTests */,
			);
		};
/* End PBXProject section */

/* Begin PBXResourcesBuildPhase section */
		F613C7B12875617E005CB133 /* Resources */ = {
			isa = PBXResourcesBuildPhase;
			buildActionMask = 2147483647;
			files = (
				144A1C802886E8C600598121 /* RecordDetailViewController.xib in Resources */,
				2322D08A2883EFB100DC5553 /* RecordHeaderView.xib in Resources */,
				F613C7D2287563FF005CB133 /* Images.xcassets in Resources */,
				F6D39463287D41BF004A7DBB /* Pretendard-Medium.otf in Resources */,
				F6D39457287D41BF004A7DBB /* Pretendard-Bold.otf in Resources */,
				14243E11287FB81400CCE8A0 /* MyPageViewController.xib in Resources */,
				14243E182880782300CCE8A0 /* TimeSettingViewController.xib in Resources */,
				F6D39467287D41BF004A7DBB /* Pretendard-SemiBold.otf in Resources */,
				F6F14A7C2886CC210065D291 /* dummySearchResultExist.json in Resources */,
				F6D39461287D41BF004A7DBB /* Pretendard-ExtraBold.otf in Resources */,
				F6F14A68288584E70065D291 /* SearchResultTableViewCell.xib in Resources */,
				F613C7CF287563E8005CB133 /* Colors.xcassets in Resources */,
				F62CDF3628830B9100E5B19C /* SampleViewController.xib in Resources */,
				F6D3945B287D41BF004A7DBB /* Pretendard-Thin.otf in Resources */,
				F6D39459287D41BF004A7DBB /* Pretendard-Light.otf in Resources */,
				F6D3945F287D41BF004A7DBB /* Pretendard-Regular.otf in Resources */,
				F6D3945D287D41BF004A7DBB /* Pretendard-Black.otf in Resources */,
				F613C7C028756181005CB133 /* Assets.xcassets in Resources */,
				F6D39465287D41BF004A7DBB /* Pretendard-ExtraLight.otf in Resources */,
				F6F14A782886CAEF0065D291 /* dummySearchResultNone.json in Resources */,
			);
			runOnlyForDeploymentPostprocessing = 0;
		};
		F6F11002287BE5A0003F67CF /* Resources */ = {
			isa = PBXResourcesBuildPhase;
			buildActionMask = 2147483647;
			files = (
				F6D39464287D41BF004A7DBB /* Pretendard-Medium.otf in Resources */,
				F6D3945C287D41BF004A7DBB /* Pretendard-Thin.otf in Resources */,
				F6D39466287D41BF004A7DBB /* Pretendard-ExtraLight.otf in Resources */,
				F6D39458287D41BF004A7DBB /* Pretendard-Bold.otf in Resources */,
				F6D39462287D41BF004A7DBB /* Pretendard-ExtraBold.otf in Resources */,
				F6D39460287D41BF004A7DBB /* Pretendard-Regular.otf in Resources */,
				F6D39468287D41BF004A7DBB /* Pretendard-SemiBold.otf in Resources */,
				F6D3945E287D41BF004A7DBB /* Pretendard-Black.otf in Resources */,
				F6D3945A287D41BF004A7DBB /* Pretendard-Light.otf in Resources */,
			);
			runOnlyForDeploymentPostprocessing = 0;
		};
/* End PBXResourcesBuildPhase section */

/* Begin PBXSourcesBuildPhase section */
		F613C7AF2875617E005CB133 /* Sources */ = {
			isa = PBXSourcesBuildPhase;
			buildActionMask = 2147483647;
			files = (
				F6D3944D287D4164004A7DBB /* ShareViewController.swift in Sources */,
				F6F14A6E28867B340065D291 /* SearchViewModel.swift in Sources */,
				2322D07428813D5F00DC5553 /* GenreType.swift in Sources */,
				F6F14A64288584930065D291 /* SearchFooterTableViewCell.swift in Sources */,
				F613C7FF2876D336005CB133 /* BaseViewController.swift in Sources */,
				2322D08E2883F37100DC5553 /* RecordViewController.swift in Sources */,
				232D0E3D287D893E0063D725 /* RecorDreamView.swift in Sources */,
				F613C7B72875617E005CB133 /* AppDelegate.swift in Sources */,
				14243E172880782300CCE8A0 /* TimeSettingViewController.swift in Sources */,
				F62CDF2C288304F400E5B19C /* TabBarController.swift in Sources */,
				F613C7B92875617E005CB133 /* SceneDelegate.swift in Sources */,
				F6D3946A287D4B5E004A7DBB /* FontType.swift in Sources */,
				2322D07628814A9000DC5553 /* RecorDreamColorType.swift in Sources */,
				F6F14A5E28854F980065D291 /* SearchView.swift in Sources */,
				144A1C7C2886DBD000598121 /* TimeSettingDelegate.swift in Sources */,
				2322D090288458BE00DC5553 /* NavigationBarDelegate.swift in Sources */,
				F6D39470287D6927004A7DBB /* TypoStyle+.swift in Sources */,
				F6F14A7E2886CC570065D291 /* SearchResultDummyModel.swift in Sources */,
				F6D3947C287D7560004A7DBB /* ImageList.swift in Sources */,
				F6D39473287D69C2004A7DBB /* TypoStyle.swift in Sources */,
				F62CDF32288307C800E5B19C /* TabBarItem.swift in Sources */,
				232D0E3B287D88E60063D725 /* UserNameView.swift in Sources */,
				F6F14A62288584810065D291 /* SearchHeaderTableViewCell.swift in Sources */,
				F613C8012876D356005CB133 /* BaseView.swift in Sources */,
				F6F14A732886A18F0065D291 /* SearchResultNone.swift in Sources */,
				F613C7D8287564D2005CB133 /* Constant.swift in Sources */,
				14243E10287FB81400CCE8A0 /* MyPageViewController.swift in Sources */,
				144A1C7F2886E8C600598121 /* RecordDetailViewController.swift in Sources */,
				232D0E39287D86C20063D725 /* HeaderView.swift in Sources */,
				F6F14A762886CA950065D291 /* MockParser.swift in Sources */,
				23695C72287C2A3B00B479A2 /* HomeViewController.swift in Sources */,
				F6F14A67288584E70065D291 /* SearchResultTableViewCell.swift in Sources */,
				F6F14A6A2885857F0065D291 /* EmptyView.swift in Sources */,
				F6F14A712886A17F0065D291 /* SearchResultExist.swift in Sources */,
				14243E13287FD0FF00CCE8A0 /* CustomSwitchButton.swift in Sources */,
				2322D0882883EFA000DC5553 /* RecordHeaderView.swift in Sources */,
				F6D3946D287D68D4004A7DBB /* ColorType.swift in Sources */,
				14D0E18628812AEF006EC6D8 /* CustomTimeSettingPickerView.swift in Sources */,
				2322D07A288153E900DC5553 /* EmotionType.swift in Sources */,
				F62CDF3528830B9100E5B19C /* SampleViewController.swift in Sources */,
				F6D39477287D6F31004A7DBB /* ColorType+.swift in Sources */,
				232D0E40287D8F480063D725 /* CardCollectionViewCell.swift in Sources */,
				F6D3947F287D76F2004A7DBB /* ImageList+.swift in Sources */,
				232D0E49287DEC380063D725 /* HashtagView.swift in Sources */,
				F6F14A5C28854F730065D291 /* SearchViewController.swift in Sources */,
			);
			runOnlyForDeploymentPostprocessing = 0;
		};
		F6F11000287BE5A0003F67CF /* Sources */ = {
			isa = PBXSourcesBuildPhase;
			buildActionMask = 2147483647;
			files = (
				F6D3947D287D7560004A7DBB /* ImageList.swift in Sources */,
				F6D3946B287D4B5E004A7DBB /* FontType.swift in Sources */,
				F6D39474287D69C2004A7DBB /* TypoStyle.swift in Sources */,
				F6F11007287BE5A0003F67CF /* RecorDreamTests.swift in Sources */,
				F6D3946E287D68D4004A7DBB /* ColorType.swift in Sources */,
				F6D39480287D76F2004A7DBB /* ImageList+.swift in Sources */,
				F6D39471287D6927004A7DBB /* TypoStyle+.swift in Sources */,
				F6D39478287D6F31004A7DBB /* ColorType+.swift in Sources */,
			);
			runOnlyForDeploymentPostprocessing = 0;
		};
/* End PBXSourcesBuildPhase section */

/* Begin XCBuildConfiguration section */
		F613C7C528756181005CB133 /* Debug */ = {
			isa = XCBuildConfiguration;
			buildSettings = {
				ALWAYS_SEARCH_USER_PATHS = NO;
				CLANG_ANALYZER_NONNULL = YES;
				CLANG_ANALYZER_NUMBER_OBJECT_CONVERSION = YES_AGGRESSIVE;
				CLANG_CXX_LANGUAGE_STANDARD = "gnu++17";
				CLANG_ENABLE_MODULES = YES;
				CLANG_ENABLE_OBJC_ARC = YES;
				CLANG_ENABLE_OBJC_WEAK = YES;
				CLANG_WARN_BLOCK_CAPTURE_AUTORELEASING = YES;
				CLANG_WARN_BOOL_CONVERSION = YES;
				CLANG_WARN_COMMA = YES;
				CLANG_WARN_CONSTANT_CONVERSION = YES;
				CLANG_WARN_DEPRECATED_OBJC_IMPLEMENTATIONS = YES;
				CLANG_WARN_DIRECT_OBJC_ISA_USAGE = YES_ERROR;
				CLANG_WARN_DOCUMENTATION_COMMENTS = YES;
				CLANG_WARN_EMPTY_BODY = YES;
				CLANG_WARN_ENUM_CONVERSION = YES;
				CLANG_WARN_INFINITE_RECURSION = YES;
				CLANG_WARN_INT_CONVERSION = YES;
				CLANG_WARN_NON_LITERAL_NULL_CONVERSION = YES;
				CLANG_WARN_OBJC_IMPLICIT_RETAIN_SELF = YES;
				CLANG_WARN_OBJC_LITERAL_CONVERSION = YES;
				CLANG_WARN_OBJC_ROOT_CLASS = YES_ERROR;
				CLANG_WARN_QUOTED_INCLUDE_IN_FRAMEWORK_HEADER = YES;
				CLANG_WARN_RANGE_LOOP_ANALYSIS = YES;
				CLANG_WARN_STRICT_PROTOTYPES = YES;
				CLANG_WARN_SUSPICIOUS_MOVE = YES;
				CLANG_WARN_UNGUARDED_AVAILABILITY = YES_AGGRESSIVE;
				CLANG_WARN_UNREACHABLE_CODE = YES;
				CLANG_WARN__DUPLICATE_METHOD_MATCH = YES;
				COPY_PHASE_STRIP = NO;
				DEBUG_INFORMATION_FORMAT = dwarf;
				ENABLE_STRICT_OBJC_MSGSEND = YES;
				ENABLE_TESTABILITY = YES;
				GCC_C_LANGUAGE_STANDARD = gnu11;
				GCC_DYNAMIC_NO_PIC = NO;
				GCC_NO_COMMON_BLOCKS = YES;
				GCC_OPTIMIZATION_LEVEL = 0;
				GCC_PREPROCESSOR_DEFINITIONS = (
					"DEBUG=1",
					"$(inherited)",
				);
				GCC_WARN_64_TO_32_BIT_CONVERSION = YES;
				GCC_WARN_ABOUT_RETURN_TYPE = YES_ERROR;
				GCC_WARN_UNDECLARED_SELECTOR = YES;
				GCC_WARN_UNINITIALIZED_AUTOS = YES_AGGRESSIVE;
				GCC_WARN_UNUSED_FUNCTION = YES;
				GCC_WARN_UNUSED_VARIABLE = YES;
				IPHONEOS_DEPLOYMENT_TARGET = 15.0;
				MTL_ENABLE_DEBUG_INFO = INCLUDE_SOURCE;
				MTL_FAST_MATH = YES;
				ONLY_ACTIVE_ARCH = YES;
				SDKROOT = iphoneos;
				SWIFT_ACTIVE_COMPILATION_CONDITIONS = DEBUG;
				SWIFT_OPTIMIZATION_LEVEL = "-Onone";
			};
			name = Debug;
		};
		F613C7C628756181005CB133 /* Release */ = {
			isa = XCBuildConfiguration;
			buildSettings = {
				ALWAYS_SEARCH_USER_PATHS = NO;
				CLANG_ANALYZER_NONNULL = YES;
				CLANG_ANALYZER_NUMBER_OBJECT_CONVERSION = YES_AGGRESSIVE;
				CLANG_CXX_LANGUAGE_STANDARD = "gnu++17";
				CLANG_ENABLE_MODULES = YES;
				CLANG_ENABLE_OBJC_ARC = YES;
				CLANG_ENABLE_OBJC_WEAK = YES;
				CLANG_WARN_BLOCK_CAPTURE_AUTORELEASING = YES;
				CLANG_WARN_BOOL_CONVERSION = YES;
				CLANG_WARN_COMMA = YES;
				CLANG_WARN_CONSTANT_CONVERSION = YES;
				CLANG_WARN_DEPRECATED_OBJC_IMPLEMENTATIONS = YES;
				CLANG_WARN_DIRECT_OBJC_ISA_USAGE = YES_ERROR;
				CLANG_WARN_DOCUMENTATION_COMMENTS = YES;
				CLANG_WARN_EMPTY_BODY = YES;
				CLANG_WARN_ENUM_CONVERSION = YES;
				CLANG_WARN_INFINITE_RECURSION = YES;
				CLANG_WARN_INT_CONVERSION = YES;
				CLANG_WARN_NON_LITERAL_NULL_CONVERSION = YES;
				CLANG_WARN_OBJC_IMPLICIT_RETAIN_SELF = YES;
				CLANG_WARN_OBJC_LITERAL_CONVERSION = YES;
				CLANG_WARN_OBJC_ROOT_CLASS = YES_ERROR;
				CLANG_WARN_QUOTED_INCLUDE_IN_FRAMEWORK_HEADER = YES;
				CLANG_WARN_RANGE_LOOP_ANALYSIS = YES;
				CLANG_WARN_STRICT_PROTOTYPES = YES;
				CLANG_WARN_SUSPICIOUS_MOVE = YES;
				CLANG_WARN_UNGUARDED_AVAILABILITY = YES_AGGRESSIVE;
				CLANG_WARN_UNREACHABLE_CODE = YES;
				CLANG_WARN__DUPLICATE_METHOD_MATCH = YES;
				COPY_PHASE_STRIP = NO;
				DEBUG_INFORMATION_FORMAT = "dwarf-with-dsym";
				ENABLE_NS_ASSERTIONS = NO;
				ENABLE_STRICT_OBJC_MSGSEND = YES;
				GCC_C_LANGUAGE_STANDARD = gnu11;
				GCC_NO_COMMON_BLOCKS = YES;
				GCC_WARN_64_TO_32_BIT_CONVERSION = YES;
				GCC_WARN_ABOUT_RETURN_TYPE = YES_ERROR;
				GCC_WARN_UNDECLARED_SELECTOR = YES;
				GCC_WARN_UNINITIALIZED_AUTOS = YES_AGGRESSIVE;
				GCC_WARN_UNUSED_FUNCTION = YES;
				GCC_WARN_UNUSED_VARIABLE = YES;
				IPHONEOS_DEPLOYMENT_TARGET = 15.0;
				MTL_ENABLE_DEBUG_INFO = NO;
				MTL_FAST_MATH = YES;
				SDKROOT = iphoneos;
				SWIFT_COMPILATION_MODE = wholemodule;
				SWIFT_OPTIMIZATION_LEVEL = "-O";
				VALIDATE_PRODUCT = YES;
			};
			name = Release;
		};
		F613C7C828756181005CB133 /* Debug */ = {
			isa = XCBuildConfiguration;
			buildSettings = {
				ASSETCATALOG_COMPILER_APPICON_NAME = AppIcon;
				ASSETCATALOG_COMPILER_GLOBAL_ACCENT_COLOR_NAME = AccentColor;
				CODE_SIGN_STYLE = Automatic;
				CURRENT_PROJECT_VERSION = 1;
				DEVELOPMENT_TEAM = 272QNH7NKN;
				GENERATE_INFOPLIST_FILE = YES;
				INFOPLIST_FILE = "RecorDream-iOS/Info.plist";
				INFOPLIST_KEY_UIApplicationSupportsIndirectInputEvents = YES;
				INFOPLIST_KEY_UILaunchStoryboardName = LaunchScreen;
				INFOPLIST_KEY_UISupportedInterfaceOrientations = UIInterfaceOrientationPortrait;
				INFOPLIST_KEY_UISupportedInterfaceOrientations_iPad = "UIInterfaceOrientationPortrait UIInterfaceOrientationPortraitUpsideDown UIInterfaceOrientationLandscapeLeft UIInterfaceOrientationLandscapeRight";
				INFOPLIST_KEY_UISupportedInterfaceOrientations_iPhone = "UIInterfaceOrientationPortrait UIInterfaceOrientationLandscapeLeft UIInterfaceOrientationLandscapeRight";
				IPHONEOS_DEPLOYMENT_TARGET = 15.0;
				LD_RUNPATH_SEARCH_PATHS = (
					"$(inherited)",
					"@executable_path/Frameworks",
				);
				MARKETING_VERSION = 1.0;
				PRODUCT_BUNDLE_IDENTIFIER = "com.recordream.corp.RecorDream-iOS";
				PRODUCT_NAME = "$(TARGET_NAME)";
				SWIFT_EMIT_LOC_STRINGS = YES;
				SWIFT_VERSION = 5.0;
				TARGETED_DEVICE_FAMILY = 1;
			};
			name = Debug;
		};
		F613C7C928756181005CB133 /* Release */ = {
			isa = XCBuildConfiguration;
			buildSettings = {
				ASSETCATALOG_COMPILER_APPICON_NAME = AppIcon;
				ASSETCATALOG_COMPILER_GLOBAL_ACCENT_COLOR_NAME = AccentColor;
				CODE_SIGN_STYLE = Automatic;
				CURRENT_PROJECT_VERSION = 1;
				DEVELOPMENT_TEAM = 272QNH7NKN;
				GENERATE_INFOPLIST_FILE = YES;
				INFOPLIST_FILE = "RecorDream-iOS/Info.plist";
				INFOPLIST_KEY_UIApplicationSupportsIndirectInputEvents = YES;
				INFOPLIST_KEY_UILaunchStoryboardName = LaunchScreen;
				INFOPLIST_KEY_UISupportedInterfaceOrientations = UIInterfaceOrientationPortrait;
				INFOPLIST_KEY_UISupportedInterfaceOrientations_iPad = "UIInterfaceOrientationPortrait UIInterfaceOrientationPortraitUpsideDown UIInterfaceOrientationLandscapeLeft UIInterfaceOrientationLandscapeRight";
				INFOPLIST_KEY_UISupportedInterfaceOrientations_iPhone = "UIInterfaceOrientationPortrait UIInterfaceOrientationLandscapeLeft UIInterfaceOrientationLandscapeRight";
				IPHONEOS_DEPLOYMENT_TARGET = 15.0;
				LD_RUNPATH_SEARCH_PATHS = (
					"$(inherited)",
					"@executable_path/Frameworks",
				);
				MARKETING_VERSION = 1.0;
				PRODUCT_BUNDLE_IDENTIFIER = "com.recordream.corp.RecorDream-iOS";
				PRODUCT_NAME = "$(TARGET_NAME)";
				SWIFT_EMIT_LOC_STRINGS = YES;
				SWIFT_VERSION = 5.0;
				TARGETED_DEVICE_FAMILY = 1;
			};
			name = Release;
		};
		F6F11008287BE5A0003F67CF /* Debug */ = {
			isa = XCBuildConfiguration;
			buildSettings = {
				CODE_SIGN_STYLE = Automatic;
				CURRENT_PROJECT_VERSION = 1;
				DEVELOPMENT_TEAM = RS46GZF8TU;
				GENERATE_INFOPLIST_FILE = YES;
				MACOSX_DEPLOYMENT_TARGET = 12.3;
				MARKETING_VERSION = 1.0;
				PRODUCT_BUNDLE_IDENTIFIER = com.recordream.corp.RecorDreamTests;
				PRODUCT_NAME = "$(TARGET_NAME)";
				SDKROOT = macosx;
				SWIFT_EMIT_LOC_STRINGS = NO;
				SWIFT_VERSION = 5.0;
			};
			name = Debug;
		};
		F6F11009287BE5A0003F67CF /* Release */ = {
			isa = XCBuildConfiguration;
			buildSettings = {
				CODE_SIGN_STYLE = Automatic;
				CURRENT_PROJECT_VERSION = 1;
				DEVELOPMENT_TEAM = RS46GZF8TU;
				GENERATE_INFOPLIST_FILE = YES;
				MACOSX_DEPLOYMENT_TARGET = 12.3;
				MARKETING_VERSION = 1.0;
				PRODUCT_BUNDLE_IDENTIFIER = com.recordream.corp.RecorDreamTests;
				PRODUCT_NAME = "$(TARGET_NAME)";
				SDKROOT = macosx;
				SWIFT_EMIT_LOC_STRINGS = NO;
				SWIFT_VERSION = 5.0;
			};
			name = Release;
		};
/* End XCBuildConfiguration section */

/* Begin XCConfigurationList section */
		F613C7AE2875617E005CB133 /* Build configuration list for PBXProject "RecorDream-iOS" */ = {
			isa = XCConfigurationList;
			buildConfigurations = (
				F613C7C528756181005CB133 /* Debug */,
				F613C7C628756181005CB133 /* Release */,
			);
			defaultConfigurationIsVisible = 0;
			defaultConfigurationName = Release;
		};
		F613C7C728756181005CB133 /* Build configuration list for PBXNativeTarget "RecorDream-iOS" */ = {
			isa = XCConfigurationList;
			buildConfigurations = (
				F613C7C828756181005CB133 /* Debug */,
				F613C7C928756181005CB133 /* Release */,
			);
			defaultConfigurationIsVisible = 0;
			defaultConfigurationName = Release;
		};
		F6F1100A287BE5A1003F67CF /* Build configuration list for PBXNativeTarget "RecorDreamTests" */ = {
			isa = XCConfigurationList;
			buildConfigurations = (
				F6F11008287BE5A0003F67CF /* Debug */,
				F6F11009287BE5A0003F67CF /* Release */,
			);
			defaultConfigurationIsVisible = 0;
			defaultConfigurationName = Release;
		};
/* End XCConfigurationList section */

/* Begin XCRemoteSwiftPackageReference section */
		F613C7F128756A61005CB133 /* XCRemoteSwiftPackageReference "HeeKit" */ = {
			isa = XCRemoteSwiftPackageReference;
			repositoryURL = "https://github.com/EunHee-Jeong/HeeKit.git";
			requirement = {
				branch = main;
				kind = branch;
			};
		};
		F613C7F428756A98005CB133 /* XCRemoteSwiftPackageReference "IQKeyboardManager" */ = {
			isa = XCRemoteSwiftPackageReference;
			repositoryURL = "https://github.com/hackiftekhar/IQKeyboardManager.git";
			requirement = {
				branch = master;
				kind = branch;
			};
		};
		F613C7F728756AA8005CB133 /* XCRemoteSwiftPackageReference "SnapKit" */ = {
			isa = XCRemoteSwiftPackageReference;
			repositoryURL = "https://github.com/SnapKit/SnapKit.git";
			requirement = {
				kind = upToNextMajorVersion;
				minimumVersion = 5.0.0;
			};
		};
		F613C7FA28756AB7005CB133 /* XCRemoteSwiftPackageReference "Then" */ = {
			isa = XCRemoteSwiftPackageReference;
			repositoryURL = "https://github.com/devxoul/Then.git";
			requirement = {
				branch = master;
				kind = branch;
			};
		};
/* End XCRemoteSwiftPackageReference section */

/* Begin XCSwiftPackageProductDependency section */
		F613C7F228756A61005CB133 /* HeeKit */ = {
			isa = XCSwiftPackageProductDependency;
			package = F613C7F128756A61005CB133 /* XCRemoteSwiftPackageReference "HeeKit" */;
			productName = HeeKit;
		};
		F613C7F528756A98005CB133 /* IQKeyboardManagerSwift */ = {
			isa = XCSwiftPackageProductDependency;
			package = F613C7F428756A98005CB133 /* XCRemoteSwiftPackageReference "IQKeyboardManager" */;
			productName = IQKeyboardManagerSwift;
		};
		F613C7F828756AA8005CB133 /* SnapKit-Dynamic */ = {
			isa = XCSwiftPackageProductDependency;
			package = F613C7F728756AA8005CB133 /* XCRemoteSwiftPackageReference "SnapKit" */;
			productName = "SnapKit-Dynamic";
		};
		F613C7FB28756AB7005CB133 /* Then */ = {
			isa = XCSwiftPackageProductDependency;
			package = F613C7FA28756AB7005CB133 /* XCRemoteSwiftPackageReference "Then" */;
			productName = Then;
		};
/* End XCSwiftPackageProductDependency section */
	};
	rootObject = F613C7AB2875617E005CB133 /* Project object */;
}
