// !$*UTF8*$!
{
	archiveVersion = 1;
	classes = {
	};
	objectVersion = 55;
	objects = {

/* Begin PBXBuildFile section */
		23695C72287C2A3B00B479A2 /* HomeViewController.swift in Sources */ = {isa = PBXBuildFile; fileRef = 23695C71287C2A3B00B479A2 /* HomeViewController.swift */; };
		F613C7B72875617E005CB133 /* AppDelegate.swift in Sources */ = {isa = PBXBuildFile; fileRef = F613C7B62875617E005CB133 /* AppDelegate.swift */; };
		F613C7B92875617E005CB133 /* SceneDelegate.swift in Sources */ = {isa = PBXBuildFile; fileRef = F613C7B82875617E005CB133 /* SceneDelegate.swift */; };
		F613C7C028756181005CB133 /* Assets.xcassets in Resources */ = {isa = PBXBuildFile; fileRef = F613C7BF28756181005CB133 /* Assets.xcassets */; };
		F613C7CF287563E8005CB133 /* Colors.xcassets in Resources */ = {isa = PBXBuildFile; fileRef = F613C7CE287563E8005CB133 /* Colors.xcassets */; };
		F613C7D2287563FF005CB133 /* Images.xcassets in Resources */ = {isa = PBXBuildFile; fileRef = F613C7D1287563FF005CB133 /* Images.xcassets */; };
		F613C7D8287564D2005CB133 /* Constant.swift in Sources */ = {isa = PBXBuildFile; fileRef = F613C7D7287564D2005CB133 /* Constant.swift */; };
		F613C7F328756A61005CB133 /* HeeKit in Frameworks */ = {isa = PBXBuildFile; productRef = F613C7F228756A61005CB133 /* HeeKit */; };
		F613C7F628756A98005CB133 /* IQKeyboardManagerSwift in Frameworks */ = {isa = PBXBuildFile; productRef = F613C7F528756A98005CB133 /* IQKeyboardManagerSwift */; };
		F613C7F928756AA8005CB133 /* SnapKit-Dynamic in Frameworks */ = {isa = PBXBuildFile; productRef = F613C7F828756AA8005CB133 /* SnapKit-Dynamic */; };
		F613C7FC28756AB7005CB133 /* Then in Frameworks */ = {isa = PBXBuildFile; productRef = F613C7FB28756AB7005CB133 /* Then */; };
		F613C7FF2876D336005CB133 /* BaseViewController.swift in Sources */ = {isa = PBXBuildFile; fileRef = F613C7FE2876D336005CB133 /* BaseViewController.swift */; };
		F613C8012876D356005CB133 /* BaseView.swift in Sources */ = {isa = PBXBuildFile; fileRef = F613C8002876D356005CB133 /* BaseView.swift */; };
		F6F11007287BE5A0003F67CF /* RecorDreamTests.swift in Sources */ = {isa = PBXBuildFile; fileRef = F6F11006287BE5A0003F67CF /* RecorDreamTests.swift */; };
/* End PBXBuildFile section */

/* Begin PBXFileReference section */
		23695C71287C2A3B00B479A2 /* HomeViewController.swift */ = {isa = PBXFileReference; lastKnownFileType = sourcecode.swift; path = HomeViewController.swift; sourceTree = "<group>"; };
		F613C7B32875617E005CB133 /* RecorDream-iOS.app */ = {isa = PBXFileReference; explicitFileType = wrapper.application; includeInIndex = 0; path = "RecorDream-iOS.app"; sourceTree = BUILT_PRODUCTS_DIR; };
		F613C7B62875617E005CB133 /* AppDelegate.swift */ = {isa = PBXFileReference; lastKnownFileType = sourcecode.swift; path = AppDelegate.swift; sourceTree = "<group>"; };
		F613C7B82875617E005CB133 /* SceneDelegate.swift */ = {isa = PBXFileReference; lastKnownFileType = sourcecode.swift; path = SceneDelegate.swift; sourceTree = "<group>"; };
		F613C7BF28756181005CB133 /* Assets.xcassets */ = {isa = PBXFileReference; lastKnownFileType = folder.assetcatalog; path = Assets.xcassets; sourceTree = "<group>"; };
		F613C7C428756181005CB133 /* Info.plist */ = {isa = PBXFileReference; lastKnownFileType = text.plist.xml; path = Info.plist; sourceTree = "<group>"; };
		F613C7CE287563E8005CB133 /* Colors.xcassets */ = {isa = PBXFileReference; lastKnownFileType = folder.assetcatalog; path = Colors.xcassets; sourceTree = "<group>"; };
		F613C7D1287563FF005CB133 /* Images.xcassets */ = {isa = PBXFileReference; lastKnownFileType = folder.assetcatalog; path = Images.xcassets; sourceTree = "<group>"; };
		F613C7D7287564D2005CB133 /* Constant.swift */ = {isa = PBXFileReference; lastKnownFileType = sourcecode.swift; path = Constant.swift; sourceTree = "<group>"; };
		F613C7FE2876D336005CB133 /* BaseViewController.swift */ = {isa = PBXFileReference; lastKnownFileType = sourcecode.swift; path = BaseViewController.swift; sourceTree = "<group>"; };
		F613C8002876D356005CB133 /* BaseView.swift */ = {isa = PBXFileReference; lastKnownFileType = sourcecode.swift; path = BaseView.swift; sourceTree = "<group>"; };
		F6F11004287BE5A0003F67CF /* RecorDreamTests.xctest */ = {isa = PBXFileReference; explicitFileType = wrapper.cfbundle; includeInIndex = 0; path = RecorDreamTests.xctest; sourceTree = BUILT_PRODUCTS_DIR; };
		F6F11006287BE5A0003F67CF /* RecorDreamTests.swift */ = {isa = PBXFileReference; lastKnownFileType = sourcecode.swift; path = RecorDreamTests.swift; sourceTree = "<group>"; };
/* End PBXFileReference section */

/* Begin PBXFrameworksBuildPhase section */
		F613C7B02875617E005CB133 /* Frameworks */ = {
			isa = PBXFrameworksBuildPhase;
			buildActionMask = 2147483647;
			files = (
				F613C7F328756A61005CB133 /* HeeKit in Frameworks */,
				F613C7F628756A98005CB133 /* IQKeyboardManagerSwift in Frameworks */,
				F613C7F928756AA8005CB133 /* SnapKit-Dynamic in Frameworks */,
				F613C7FC28756AB7005CB133 /* Then in Frameworks */,
			);
			runOnlyForDeploymentPostprocessing = 0;
		};
		F6F11001287BE5A0003F67CF /* Frameworks */ = {
			isa = PBXFrameworksBuildPhase;
			buildActionMask = 2147483647;
			files = (
			);
			runOnlyForDeploymentPostprocessing = 0;
		};
/* End PBXFrameworksBuildPhase section */

/* Begin PBXGroup section */
		23695C6E287C29E500B479A2 /* Home */ = {
			isa = PBXGroup;
			children = (
				23695C70287C2A2000B479A2 /* ViewControllers */,
				23695C6F287C2A1800B479A2 /* View */,
			);
			path = Home;
			sourceTree = "<group>";
		};
		23695C6F287C2A1800B479A2 /* View */ = {
			isa = PBXGroup;
			children = (
			);
			path = View;
			sourceTree = "<group>";
		};
		23695C70287C2A2000B479A2 /* ViewControllers */ = {
			isa = PBXGroup;
			children = (
				23695C71287C2A3B00B479A2 /* HomeViewController.swift */,
			);
			path = ViewControllers;
			sourceTree = "<group>";
		};
		F613C7AA2875617E005CB133 = {
			isa = PBXGroup;
			children = (
				F613C7B52875617E005CB133 /* RecorDream-iOS */,
				F6F11005287BE5A0003F67CF /* RecorDreamTests */,
				F613C7B42875617E005CB133 /* Products */,
			);
			sourceTree = "<group>";
		};
		F613C7B42875617E005CB133 /* Products */ = {
			isa = PBXGroup;
			children = (
				F613C7B32875617E005CB133 /* RecorDream-iOS.app */,
				F6F11004287BE5A0003F67CF /* RecorDreamTests.xctest */,
			);
			name = Products;
			sourceTree = "<group>";
		};
		F613C7B52875617E005CB133 /* RecorDream-iOS */ = {
			isa = PBXGroup;
			children = (
				F613C7CA287563A5005CB133 /* Resource */,
				F613C7CB287563A9005CB133 /* Source */,
				F613C7C428756181005CB133 /* Info.plist */,
			);
			path = "RecorDream-iOS";
			sourceTree = "<group>";
		};
		F613C7CA287563A5005CB133 /* Resource */ = {
			isa = PBXGroup;
			children = (
				F613C7CD287563D4005CB133 /* Fonts */,
				F613C7BF28756181005CB133 /* Assets.xcassets */,
				F613C7CE287563E8005CB133 /* Colors.xcassets */,
				F613C7D1287563FF005CB133 /* Images.xcassets */,
			);
			path = Resource;
			sourceTree = "<group>";
		};
		F613C7CB287563A9005CB133 /* Source */ = {
			isa = PBXGroup;
			children = (
				F613C7DA28756519005CB133 /* Service */,
				F613C7D9287564EC005CB133 /* Presentation */,
				F613C7D4287564B5005CB133 /* Common */,
				F613C7D32875649A005CB133 /* Application */,
			);
			path = Source;
			sourceTree = "<group>";
		};
		F613C7CD287563D4005CB133 /* Fonts */ = {
			isa = PBXGroup;
			children = (
			);
			path = Fonts;
			sourceTree = "<group>";
		};
		F613C7D32875649A005CB133 /* Application */ = {
			isa = PBXGroup;
			children = (
				F613C7B62875617E005CB133 /* AppDelegate.swift */,
				F613C7B82875617E005CB133 /* SceneDelegate.swift */,
			);
			path = Application;
			sourceTree = "<group>";
		};
		F613C7D4287564B5005CB133 /* Common */ = {
			isa = PBXGroup;
			children = (
				F613C7D6287564C7005CB133 /* Protocols */,
				F613C7D5287564B7005CB133 /* Constants */,
			);
			path = Common;
			sourceTree = "<group>";
		};
		F613C7D5287564B7005CB133 /* Constants */ = {
			isa = PBXGroup;
			children = (
				F613C7D7287564D2005CB133 /* Constant.swift */,
			);
			path = Constants;
			sourceTree = "<group>";
		};
		F613C7D6287564C7005CB133 /* Protocols */ = {
			isa = PBXGroup;
			children = (
			);
			path = Protocols;
			sourceTree = "<group>";
		};
		F613C7D9287564EC005CB133 /* Presentation */ = {
			isa = PBXGroup;
			children = (
				F613C7FD2876D314005CB133 /* Common */,
				F613C7DD28756582005CB133 /* Create */,
				F613C7DE28756587005CB133 /* Play */,
				F613C7DF2875658A005CB133 /* Share */,
			);
			path = Presentation;
			sourceTree = "<group>";
		};
		F613C7DA28756519005CB133 /* Service */ = {
			isa = PBXGroup;
			children = (
				F613C7DC28756536005CB133 /* Mock */,
				F613C7DB28756527005CB133 /* DTO */,
			);
			path = Service;
			sourceTree = "<group>";
		};
		F613C7DB28756527005CB133 /* DTO */ = {
			isa = PBXGroup;
			children = (
			);
			path = DTO;
			sourceTree = "<group>";
		};
		F613C7DC28756536005CB133 /* Mock */ = {
			isa = PBXGroup;
			children = (
			);
			path = Mock;
			sourceTree = "<group>";
		};
		F613C7DD28756582005CB133 /* Create */ = {
			isa = PBXGroup;
			children = (
				23695C6E287C29E500B479A2 /* Home */,
			);
			path = Create;
			sourceTree = "<group>";
		};
		F613C7DE28756587005CB133 /* Play */ = {
			isa = PBXGroup;
			children = (
			);
			path = Play;
			sourceTree = "<group>";
		};
		F613C7DF2875658A005CB133 /* Share */ = {
			isa = PBXGroup;
			children = (
			);
			path = Share;
			sourceTree = "<group>";
		};
		F613C7FD2876D314005CB133 /* Common */ = {
			isa = PBXGroup;
			children = (
				F613C7FE2876D336005CB133 /* BaseViewController.swift */,
				F613C8002876D356005CB133 /* BaseView.swift */,
			);
			path = Common;
			sourceTree = "<group>";
		};
		F6F11005287BE5A0003F67CF /* RecorDreamTests */ = {
			isa = PBXGroup;
			children = (
				F6F11006287BE5A0003F67CF /* RecorDreamTests.swift */,
			);
			path = RecorDreamTests;
			sourceTree = "<group>";
		};
/* End PBXGroup section */

/* Begin PBXNativeTarget section */
		F613C7B22875617E005CB133 /* RecorDream-iOS */ = {
			isa = PBXNativeTarget;
			buildConfigurationList = F613C7C728756181005CB133 /* Build configuration list for PBXNativeTarget "RecorDream-iOS" */;
			buildPhases = (
				F613C7AF2875617E005CB133 /* Sources */,
				F613C7B02875617E005CB133 /* Frameworks */,
				F613C7B12875617E005CB133 /* Resources */,
			);
			buildRules = (
			);
			dependencies = (
			);
			name = "RecorDream-iOS";
			packageProductDependencies = (
				F613C7F228756A61005CB133 /* HeeKit */,
				F613C7F528756A98005CB133 /* IQKeyboardManagerSwift */,
				F613C7F828756AA8005CB133 /* SnapKit-Dynamic */,
				F613C7FB28756AB7005CB133 /* Then */,
			);
			productName = "RecorDream-iOS";
			productReference = F613C7B32875617E005CB133 /* RecorDream-iOS.app */;
			productType = "com.apple.product-type.application";
		};
		F6F11003287BE5A0003F67CF /* RecorDreamTests */ = {
			isa = PBXNativeTarget;
			buildConfigurationList = F6F1100A287BE5A1003F67CF /* Build configuration list for PBXNativeTarget "RecorDreamTests" */;
			buildPhases = (
				F6F11000287BE5A0003F67CF /* Sources */,
				F6F11001287BE5A0003F67CF /* Frameworks */,
				F6F11002287BE5A0003F67CF /* Resources */,
			);
			buildRules = (
			);
			dependencies = (
			);
			name = RecorDreamTests;
			productName = RecorDreamTests;
			productReference = F6F11004287BE5A0003F67CF /* RecorDreamTests.xctest */;
			productType = "com.apple.product-type.bundle.unit-test";
		};
/* End PBXNativeTarget section */

/* Begin PBXProject section */
		F613C7AB2875617E005CB133 /* Project object */ = {
			isa = PBXProject;
			attributes = {
				BuildIndependentTargetsInParallel = 1;
				LastSwiftUpdateCheck = 1340;
				LastUpgradeCheck = 1340;
				TargetAttributes = {
					F613C7B22875617E005CB133 = {
						CreatedOnToolsVersion = 13.4.1;
					};
					F6F11003287BE5A0003F67CF = {
						CreatedOnToolsVersion = 13.4.1;
					};
				};
			};
			buildConfigurationList = F613C7AE2875617E005CB133 /* Build configuration list for PBXProject "RecorDream-iOS" */;
			compatibilityVersion = "Xcode 13.0";
			developmentRegion = en;
			hasScannedForEncodings = 0;
			knownRegions = (
				en,
				Base,
			);
			mainGroup = F613C7AA2875617E005CB133;
			packageReferences = (
				F613C7F128756A61005CB133 /* XCRemoteSwiftPackageReference "HeeKit" */,
				F613C7F428756A98005CB133 /* XCRemoteSwiftPackageReference "IQKeyboardManager" */,
				F613C7F728756AA8005CB133 /* XCRemoteSwiftPackageReference "SnapKit" */,
				F613C7FA28756AB7005CB133 /* XCRemoteSwiftPackageReference "Then" */,
			);
			productRefGroup = F613C7B42875617E005CB133 /* Products */;
			projectDirPath = "";
			projectRoot = "";
			targets = (
				F613C7B22875617E005CB133 /* RecorDream-iOS */,
				F6F11003287BE5A0003F67CF /* RecorDreamTests */,
			);
		};
/* End PBXProject section */

/* Begin PBXResourcesBuildPhase section */
		F613C7B12875617E005CB133 /* Resources */ = {
			isa = PBXResourcesBuildPhase;
			buildActionMask = 2147483647;
			files = (
				F613C7D2287563FF005CB133 /* Images.xcassets in Resources */,
				F613C7CF287563E8005CB133 /* Colors.xcassets in Resources */,
				F613C7C028756181005CB133 /* Assets.xcassets in Resources */,
			);
			runOnlyForDeploymentPostprocessing = 0;
		};
		F6F11002287BE5A0003F67CF /* Resources */ = {
			isa = PBXResourcesBuildPhase;
			buildActionMask = 2147483647;
			files = (
			);
			runOnlyForDeploymentPostprocessing = 0;
		};
/* End PBXResourcesBuildPhase section */

/* Begin PBXSourcesBuildPhase section */
		F613C7AF2875617E005CB133 /* Sources */ = {
			isa = PBXSourcesBuildPhase;
			buildActionMask = 2147483647;
			files = (
				F613C7FF2876D336005CB133 /* BaseViewController.swift in Sources */,
				F613C7B72875617E005CB133 /* AppDelegate.swift in Sources */,
				F613C7B92875617E005CB133 /* SceneDelegate.swift in Sources */,
				F613C8012876D356005CB133 /* BaseView.swift in Sources */,
				F613C7D8287564D2005CB133 /* Constant.swift in Sources */,
				23695C72287C2A3B00B479A2 /* HomeViewController.swift in Sources */,
			);
			runOnlyForDeploymentPostprocessing = 0;
		};
		F6F11000287BE5A0003F67CF /* Sources */ = {
			isa = PBXSourcesBuildPhase;
			buildActionMask = 2147483647;
			files = (
				F6F11007287BE5A0003F67CF /* RecorDreamTests.swift in Sources */,
			);
			runOnlyForDeploymentPostprocessing = 0;
		};
/* End PBXSourcesBuildPhase section */

/* Begin XCBuildConfiguration section */
		F613C7C528756181005CB133 /* Debug */ = {
			isa = XCBuildConfiguration;
			buildSettings = {
				ALWAYS_SEARCH_USER_PATHS = NO;
				CLANG_ANALYZER_NONNULL = YES;
				CLANG_ANALYZER_NUMBER_OBJECT_CONVERSION = YES_AGGRESSIVE;
				CLANG_CXX_LANGUAGE_STANDARD = "gnu++17";
				CLANG_ENABLE_MODULES = YES;
				CLANG_ENABLE_OBJC_ARC = YES;
				CLANG_ENABLE_OBJC_WEAK = YES;
				CLANG_WARN_BLOCK_CAPTURE_AUTORELEASING = YES;
				CLANG_WARN_BOOL_CONVERSION = YES;
				CLANG_WARN_COMMA = YES;
				CLANG_WARN_CONSTANT_CONVERSION = YES;
				CLANG_WARN_DEPRECATED_OBJC_IMPLEMENTATIONS = YES;
				CLANG_WARN_DIRECT_OBJC_ISA_USAGE = YES_ERROR;
				CLANG_WARN_DOCUMENTATION_COMMENTS = YES;
				CLANG_WARN_EMPTY_BODY = YES;
				CLANG_WARN_ENUM_CONVERSION = YES;
				CLANG_WARN_INFINITE_RECURSION = YES;
				CLANG_WARN_INT_CONVERSION = YES;
				CLANG_WARN_NON_LITERAL_NULL_CONVERSION = YES;
				CLANG_WARN_OBJC_IMPLICIT_RETAIN_SELF = YES;
				CLANG_WARN_OBJC_LITERAL_CONVERSION = YES;
				CLANG_WARN_OBJC_ROOT_CLASS = YES_ERROR;
				CLANG_WARN_QUOTED_INCLUDE_IN_FRAMEWORK_HEADER = YES;
				CLANG_WARN_RANGE_LOOP_ANALYSIS = YES;
				CLANG_WARN_STRICT_PROTOTYPES = YES;
				CLANG_WARN_SUSPICIOUS_MOVE = YES;
				CLANG_WARN_UNGUARDED_AVAILABILITY = YES_AGGRESSIVE;
				CLANG_WARN_UNREACHABLE_CODE = YES;
				CLANG_WARN__DUPLICATE_METHOD_MATCH = YES;
				COPY_PHASE_STRIP = NO;
				DEBUG_INFORMATION_FORMAT = dwarf;
				ENABLE_STRICT_OBJC_MSGSEND = YES;
				ENABLE_TESTABILITY = YES;
				GCC_C_LANGUAGE_STANDARD = gnu11;
				GCC_DYNAMIC_NO_PIC = NO;
				GCC_NO_COMMON_BLOCKS = YES;
				GCC_OPTIMIZATION_LEVEL = 0;
				GCC_PREPROCESSOR_DEFINITIONS = (
					"DEBUG=1",
					"$(inherited)",
				);
				GCC_WARN_64_TO_32_BIT_CONVERSION = YES;
				GCC_WARN_ABOUT_RETURN_TYPE = YES_ERROR;
				GCC_WARN_UNDECLARED_SELECTOR = YES;
				GCC_WARN_UNINITIALIZED_AUTOS = YES_AGGRESSIVE;
				GCC_WARN_UNUSED_FUNCTION = YES;
				GCC_WARN_UNUSED_VARIABLE = YES;
				IPHONEOS_DEPLOYMENT_TARGET = 15.0;
				MTL_ENABLE_DEBUG_INFO = INCLUDE_SOURCE;
				MTL_FAST_MATH = YES;
				ONLY_ACTIVE_ARCH = YES;
				SDKROOT = iphoneos;
				SWIFT_ACTIVE_COMPILATION_CONDITIONS = DEBUG;
				SWIFT_OPTIMIZATION_LEVEL = "-Onone";
			};
			name = Debug;
		};
		F613C7C628756181005CB133 /* Release */ = {
			isa = XCBuildConfiguration;
			buildSettings = {
				ALWAYS_SEARCH_USER_PATHS = NO;
				CLANG_ANALYZER_NONNULL = YES;
				CLANG_ANALYZER_NUMBER_OBJECT_CONVERSION = YES_AGGRESSIVE;
				CLANG_CXX_LANGUAGE_STANDARD = "gnu++17";
				CLANG_ENABLE_MODULES = YES;
				CLANG_ENABLE_OBJC_ARC = YES;
				CLANG_ENABLE_OBJC_WEAK = YES;
				CLANG_WARN_BLOCK_CAPTURE_AUTORELEASING = YES;
				CLANG_WARN_BOOL_CONVERSION = YES;
				CLANG_WARN_COMMA = YES;
				CLANG_WARN_CONSTANT_CONVERSION = YES;
				CLANG_WARN_DEPRECATED_OBJC_IMPLEMENTATIONS = YES;
				CLANG_WARN_DIRECT_OBJC_ISA_USAGE = YES_ERROR;
				CLANG_WARN_DOCUMENTATION_COMMENTS = YES;
				CLANG_WARN_EMPTY_BODY = YES;
				CLANG_WARN_ENUM_CONVERSION = YES;
				CLANG_WARN_INFINITE_RECURSION = YES;
				CLANG_WARN_INT_CONVERSION = YES;
				CLANG_WARN_NON_LITERAL_NULL_CONVERSION = YES;
				CLANG_WARN_OBJC_IMPLICIT_RETAIN_SELF = YES;
				CLANG_WARN_OBJC_LITERAL_CONVERSION = YES;
				CLANG_WARN_OBJC_ROOT_CLASS = YES_ERROR;
				CLANG_WARN_QUOTED_INCLUDE_IN_FRAMEWORK_HEADER = YES;
				CLANG_WARN_RANGE_LOOP_ANALYSIS = YES;
				CLANG_WARN_STRICT_PROTOTYPES = YES;
				CLANG_WARN_SUSPICIOUS_MOVE = YES;
				CLANG_WARN_UNGUARDED_AVAILABILITY = YES_AGGRESSIVE;
				CLANG_WARN_UNREACHABLE_CODE = YES;
				CLANG_WARN__DUPLICATE_METHOD_MATCH = YES;
				COPY_PHASE_STRIP = NO;
				DEBUG_INFORMATION_FORMAT = "dwarf-with-dsym";
				ENABLE_NS_ASSERTIONS = NO;
				ENABLE_STRICT_OBJC_MSGSEND = YES;
				GCC_C_LANGUAGE_STANDARD = gnu11;
				GCC_NO_COMMON_BLOCKS = YES;
				GCC_WARN_64_TO_32_BIT_CONVERSION = YES;
				GCC_WARN_ABOUT_RETURN_TYPE = YES_ERROR;
				GCC_WARN_UNDECLARED_SELECTOR = YES;
				GCC_WARN_UNINITIALIZED_AUTOS = YES_AGGRESSIVE;
				GCC_WARN_UNUSED_FUNCTION = YES;
				GCC_WARN_UNUSED_VARIABLE = YES;
				IPHONEOS_DEPLOYMENT_TARGET = 15.0;
				MTL_ENABLE_DEBUG_INFO = NO;
				MTL_FAST_MATH = YES;
				SDKROOT = iphoneos;
				SWIFT_COMPILATION_MODE = wholemodule;
				SWIFT_OPTIMIZATION_LEVEL = "-O";
				VALIDATE_PRODUCT = YES;
			};
			name = Release;
		};
		F613C7C828756181005CB133 /* Debug */ = {
			isa = XCBuildConfiguration;
			buildSettings = {
				ASSETCATALOG_COMPILER_APPICON_NAME = AppIcon;
				ASSETCATALOG_COMPILER_GLOBAL_ACCENT_COLOR_NAME = AccentColor;
				CODE_SIGN_STYLE = Automatic;
				CURRENT_PROJECT_VERSION = 1;
				DEVELOPMENT_TEAM = RS46GZF8TU;
				GENERATE_INFOPLIST_FILE = YES;
				INFOPLIST_FILE = "RecorDream-iOS/Info.plist";
				INFOPLIST_KEY_UIApplicationSupportsIndirectInputEvents = YES;
				INFOPLIST_KEY_UILaunchStoryboardName = LaunchScreen;
				INFOPLIST_KEY_UISupportedInterfaceOrientations = UIInterfaceOrientationPortrait;
				INFOPLIST_KEY_UISupportedInterfaceOrientations_iPad = "UIInterfaceOrientationPortrait UIInterfaceOrientationPortraitUpsideDown UIInterfaceOrientationLandscapeLeft UIInterfaceOrientationLandscapeRight";
				INFOPLIST_KEY_UISupportedInterfaceOrientations_iPhone = "UIInterfaceOrientationPortrait UIInterfaceOrientationLandscapeLeft UIInterfaceOrientationLandscapeRight";
				IPHONEOS_DEPLOYMENT_TARGET = 15.0;
				LD_RUNPATH_SEARCH_PATHS = (
					"$(inherited)",
					"@executable_path/Frameworks",
				);
				MARKETING_VERSION = 1.0;
				PRODUCT_BUNDLE_IDENTIFIER = "com.recordream.corp.RecorDream-iOS";
				PRODUCT_NAME = "$(TARGET_NAME)";
				SWIFT_EMIT_LOC_STRINGS = YES;
				SWIFT_VERSION = 5.0;
				TARGETED_DEVICE_FAMILY = 1;
			};
			name = Debug;
		};
		F613C7C928756181005CB133 /* Release */ = {
			isa = XCBuildConfiguration;
			buildSettings = {
				ASSETCATALOG_COMPILER_APPICON_NAME = AppIcon;
				ASSETCATALOG_COMPILER_GLOBAL_ACCENT_COLOR_NAME = AccentColor;
				CODE_SIGN_STYLE = Automatic;
				CURRENT_PROJECT_VERSION = 1;
				DEVELOPMENT_TEAM = RS46GZF8TU;
				GENERATE_INFOPLIST_FILE = YES;
				INFOPLIST_FILE = "RecorDream-iOS/Info.plist";
				INFOPLIST_KEY_UIApplicationSupportsIndirectInputEvents = YES;
				INFOPLIST_KEY_UILaunchStoryboardName = LaunchScreen;
				INFOPLIST_KEY_UISupportedInterfaceOrientations = UIInterfaceOrientationPortrait;
				INFOPLIST_KEY_UISupportedInterfaceOrientations_iPad = "UIInterfaceOrientationPortrait UIInterfaceOrientationPortraitUpsideDown UIInterfaceOrientationLandscapeLeft UIInterfaceOrientationLandscapeRight";
				INFOPLIST_KEY_UISupportedInterfaceOrientations_iPhone = "UIInterfaceOrientationPortrait UIInterfaceOrientationLandscapeLeft UIInterfaceOrientationLandscapeRight";
				IPHONEOS_DEPLOYMENT_TARGET = 15.0;
				LD_RUNPATH_SEARCH_PATHS = (
					"$(inherited)",
					"@executable_path/Frameworks",
				);
				MARKETING_VERSION = 1.0;
				PRODUCT_BUNDLE_IDENTIFIER = "com.recordream.corp.RecorDream-iOS";
				PRODUCT_NAME = "$(TARGET_NAME)";
				SWIFT_EMIT_LOC_STRINGS = YES;
				SWIFT_VERSION = 5.0;
				TARGETED_DEVICE_FAMILY = 1;
			};
			name = Release;
		};
		F6F11008287BE5A0003F67CF /* Debug */ = {
			isa = XCBuildConfiguration;
			buildSettings = {
				CODE_SIGN_STYLE = Automatic;
				CURRENT_PROJECT_VERSION = 1;
				DEVELOPMENT_TEAM = RS46GZF8TU;
				GENERATE_INFOPLIST_FILE = YES;
				MACOSX_DEPLOYMENT_TARGET = 12.3;
				MARKETING_VERSION = 1.0;
				PRODUCT_BUNDLE_IDENTIFIER = com.recordream.corp.RecorDreamTests;
				PRODUCT_NAME = "$(TARGET_NAME)";
				SDKROOT = macosx;
				SWIFT_EMIT_LOC_STRINGS = NO;
				SWIFT_VERSION = 5.0;
			};
			name = Debug;
		};
		F6F11009287BE5A0003F67CF /* Release */ = {
			isa = XCBuildConfiguration;
			buildSettings = {
				CODE_SIGN_STYLE = Automatic;
				CURRENT_PROJECT_VERSION = 1;
				DEVELOPMENT_TEAM = RS46GZF8TU;
				GENERATE_INFOPLIST_FILE = YES;
				MACOSX_DEPLOYMENT_TARGET = 12.3;
				MARKETING_VERSION = 1.0;
				PRODUCT_BUNDLE_IDENTIFIER = com.recordream.corp.RecorDreamTests;
				PRODUCT_NAME = "$(TARGET_NAME)";
				SDKROOT = macosx;
				SWIFT_EMIT_LOC_STRINGS = NO;
				SWIFT_VERSION = 5.0;
			};
			name = Release;
		};
/* End XCBuildConfiguration section */

/* Begin XCConfigurationList section */
		F613C7AE2875617E005CB133 /* Build configuration list for PBXProject "RecorDream-iOS" */ = {
			isa = XCConfigurationList;
			buildConfigurations = (
				F613C7C528756181005CB133 /* Debug */,
				F613C7C628756181005CB133 /* Release */,
			);
			defaultConfigurationIsVisible = 0;
			defaultConfigurationName = Release;
		};
		F613C7C728756181005CB133 /* Build configuration list for PBXNativeTarget "RecorDream-iOS" */ = {
			isa = XCConfigurationList;
			buildConfigurations = (
				F613C7C828756181005CB133 /* Debug */,
				F613C7C928756181005CB133 /* Release */,
			);
			defaultConfigurationIsVisible = 0;
			defaultConfigurationName = Release;
		};
		F6F1100A287BE5A1003F67CF /* Build configuration list for PBXNativeTarget "RecorDreamTests" */ = {
			isa = XCConfigurationList;
			buildConfigurations = (
				F6F11008287BE5A0003F67CF /* Debug */,
				F6F11009287BE5A0003F67CF /* Release */,
			);
			defaultConfigurationIsVisible = 0;
			defaultConfigurationName = Release;
		};
/* End XCConfigurationList section */

/* Begin XCRemoteSwiftPackageReference section */
		F613C7F128756A61005CB133 /* XCRemoteSwiftPackageReference "HeeKit" */ = {
			isa = XCRemoteSwiftPackageReference;
			repositoryURL = "https://github.com/EunHee-Jeong/HeeKit.git";
			requirement = {
				branch = main;
				kind = branch;
			};
		};
		F613C7F428756A98005CB133 /* XCRemoteSwiftPackageReference "IQKeyboardManager" */ = {
			isa = XCRemoteSwiftPackageReference;
			repositoryURL = "https://github.com/hackiftekhar/IQKeyboardManager.git";
			requirement = {
				branch = master;
				kind = branch;
			};
		};
		F613C7F728756AA8005CB133 /* XCRemoteSwiftPackageReference "SnapKit" */ = {
			isa = XCRemoteSwiftPackageReference;
			repositoryURL = "https://github.com/SnapKit/SnapKit.git";
			requirement = {
				kind = upToNextMajorVersion;
				minimumVersion = 5.0.0;
			};
		};
		F613C7FA28756AB7005CB133 /* XCRemoteSwiftPackageReference "Then" */ = {
			isa = XCRemoteSwiftPackageReference;
			repositoryURL = "https://github.com/devxoul/Then.git";
			requirement = {
				branch = master;
				kind = branch;
			};
		};
/* End XCRemoteSwiftPackageReference section */

/* Begin XCSwiftPackageProductDependency section */
		F613C7F228756A61005CB133 /* HeeKit */ = {
			isa = XCSwiftPackageProductDependency;
			package = F613C7F128756A61005CB133 /* XCRemoteSwiftPackageReference "HeeKit" */;
			productName = HeeKit;
		};
		F613C7F528756A98005CB133 /* IQKeyboardManagerSwift */ = {
			isa = XCSwiftPackageProductDependency;
			package = F613C7F428756A98005CB133 /* XCRemoteSwiftPackageReference "IQKeyboardManager" */;
			productName = IQKeyboardManagerSwift;
		};
		F613C7F828756AA8005CB133 /* SnapKit-Dynamic */ = {
			isa = XCSwiftPackageProductDependency;
			package = F613C7F728756AA8005CB133 /* XCRemoteSwiftPackageReference "SnapKit" */;
			productName = "SnapKit-Dynamic";
		};
		F613C7FB28756AB7005CB133 /* Then */ = {
			isa = XCSwiftPackageProductDependency;
			package = F613C7FA28756AB7005CB133 /* XCRemoteSwiftPackageReference "Then" */;
			productName = Then;
		};
/* End XCSwiftPackageProductDependency section */
	};
	rootObject = F613C7AB2875617E005CB133 /* Project object */;
}
